{
  "version": 4,
  "terraform_version": "1.0.7",
  "serial": 1,
  "lineage": "ba7801d4-6808-b3b4-ddd5-4259478a6867",
  "outputs": {},
  "resources": [
    {
      "mode": "managed",
      "type": "google_storage_bucket",
      "name": "terraform_state",
      "provider": "provider[\"registry.terraform.io/hashicorp/google\"]",
      "instances": [
        {
          "schema_version": 0,
          "attributes": {
            "bucket_policy_only": true,
            "cors": [],
            "default_event_based_hold": false,
            "encryption": [],
            "force_destroy": true,
            "id": "rxmg-infrastructure-terraform-state",
            "labels": null,
            "lifecycle_rule": [],
            "location": "US",
            "logging": [],
            "name": "rxmg-infrastructure-terraform-state",
            "project": "rxmg-infrastructure",
            "requester_pays": false,
            "retention_policy": [],
            "self_link": "https://www.googleapis.com/storage/v1/b/rxmg-infrastructure-terraform-state",
            "storage_class": "STANDARD",
            "uniform_bucket_level_access": true,
            "url": "gs://rxmg-infrastructure-terraform-state",
            "versioning": [
              {
                "enabled": true
              }
            ],
            "website": []
          },
          "sensitive_attributes": [],
          "private": "bnVsbA=="
        }
      ]
    }
  ]
}
