{
  "version": 4,
  "terraform_version": "1.0.9",
  "serial": 105,
  "lineage": "f3e1b281-588d-3ab5-f8b4-d8af30d7b944",
  "outputs": {},
  "resources": [
    {
      "module": "module.records",
      "mode": "data",
      "type": "google_compute_network",
      "name": "default",
      "provider": "module.records.provider[\"registry.terraform.io/hashicorp/google\"]",
      "instances": [
        {
          "schema_version": 0,
          "attributes": {
            "description": "Default network for the project",
            "gateway_ipv4": "",
            "id": "projects/triple-course-339420/global/networks/default",
            "name": "default",
            "project": null,
            "self_link": "https://www.googleapis.com/compute/v1/projects/triple-course-339420/global/networks/default",
            "subnetworks_self_links": [
              "https://www.googleapis.com/compute/v1/projects/triple-course-339420/regions/southamerica-east1/subnetworks/default",
              "https://www.googleapis.com/compute/v1/projects/triple-course-339420/regions/australia-southeast2/subnetworks/default",
              "https://www.googleapis.com/compute/v1/projects/triple-course-339420/regions/northamerica-northeast1/subnetworks/default",
              "https://www.googleapis.com/compute/v1/projects/triple-course-339420/regions/europe-west4/subnetworks/default",
              "https://www.googleapis.com/compute/v1/projects/triple-course-339420/regions/europe-north1/subnetworks/default",
              "https://www.googleapis.com/compute/v1/projects/triple-course-339420/regions/asia-northeast1/subnetworks/default",
              "https://www.googleapis.com/compute/v1/projects/triple-course-339420/regions/us-east7/subnetworks/default",
              "https://www.googleapis.com/compute/v1/projects/triple-course-339420/regions/us-east4/subnetworks/default",
              "https://www.googleapis.com/compute/v1/projects/triple-course-339420/regions/asia-southeast2/subnetworks/default",
              "https://www.googleapis.com/compute/v1/projects/triple-course-339420/regions/southamerica-west1/subnetworks/default",
              "https://www.googleapis.com/compute/v1/projects/triple-course-339420/regions/us-west4/subnetworks/default",
              "https://www.googleapis.com/compute/v1/projects/triple-course-339420/regions/asia-south1/subnetworks/default",
              "https://www.googleapis.com/compute/v1/projects/triple-course-339420/regions/europe-west6/subnetworks/default",
              "https://www.googleapis.com/compute/v1/projects/triple-course-339420/regions/europe-central2/subnetworks/default",
              "https://www.googleapis.com/compute/v1/projects/triple-course-339420/regions/europe-west2/subnetworks/default",
              "https://www.googleapis.com/compute/v1/projects/triple-course-339420/regions/us-west1/subnetworks/default",
              "https://www.googleapis.com/compute/v1/projects/triple-course-339420/regions/australia-southeast1/subnetworks/default",
              "https://www.googleapis.com/compute/v1/projects/triple-course-339420/regions/asia-northeast3/subnetworks/default",
              "https://www.googleapis.com/compute/v1/projects/triple-course-339420/regions/us-west3/subnetworks/default",
              "https://www.googleapis.com/compute/v1/projects/triple-course-339420/regions/europe-west1/subnetworks/default",
              "https://www.googleapis.com/compute/v1/projects/triple-course-339420/regions/asia-east2/subnetworks/default",
              "https://www.googleapis.com/compute/v1/projects/triple-course-339420/regions/us-central1/subnetworks/default",
              "https://www.googleapis.com/compute/v1/projects/triple-course-339420/regions/northamerica-northeast2/subnetworks/default",
              "https://www.googleapis.com/compute/v1/projects/triple-course-339420/regions/asia-south2/subnetworks/default",
              "https://www.googleapis.com/compute/v1/projects/triple-course-339420/regions/us-west2/subnetworks/default",
              "https://www.googleapis.com/compute/v1/projects/triple-course-339420/regions/asia-northeast2/subnetworks/default",
              "https://www.googleapis.com/compute/v1/projects/triple-course-339420/regions/asia-southeast1/subnetworks/default",
              "https://www.googleapis.com/compute/v1/projects/triple-course-339420/regions/asia-east1/subnetworks/default",
              "https://www.googleapis.com/compute/v1/projects/triple-course-339420/regions/us-east1/subnetworks/default",
              "https://www.googleapis.com/compute/v1/projects/triple-course-339420/regions/europe-west3/subnetworks/default"
            ]
          },
          "sensitive_attributes": []
        }
      ]
    },
    {
      "module": "module.records",
      "mode": "managed",
      "type": "google_compute_address",
      "name": "mail_ip",
      "provider": "module.records.provider[\"registry.terraform.io/hashicorp/google\"]",
      "instances": [
        {
          "schema_version": 0,
          "attributes": {
            "address": "35.238.8.168",
            "address_type": "EXTERNAL",
            "creation_timestamp": "2022-01-28T11:36:29.819-08:00",
            "description": "",
            "id": "projects/triple-course-339420/regions/us-central1/addresses/mail-server-ip",
            "name": "mail-server-ip",
            "network": "",
            "network_tier": "PREMIUM",
            "prefix_length": 0,
            "project": "triple-course-339420",
            "purpose": "",
            "region": "us-central1",
            "self_link": "https://www.googleapis.com/compute/v1/projects/triple-course-339420/regions/us-central1/addresses/mail-server-ip",
            "subnetwork": "",
            "timeouts": null,
            "users": [
              "https://www.googleapis.com/compute/v1/projects/triple-course-339420/zones/us-central1-a/instances/compliance-mail"
            ]
          },
          "sensitive_attributes": [],
          "private": "eyJlMmJmYjczMC1lY2FhLTExZTYtOGY4OC0zNDM2M2JjN2M0YzAiOnsiY3JlYXRlIjoyNDAwMDAwMDAwMDAsImRlbGV0ZSI6MjQwMDAwMDAwMDAwfX0="
        }
      ]
    },
    {
      "module": "module.records",
      "mode": "managed",
      "type": "google_compute_address",
      "name": "web_ip",
      "provider": "module.records.provider[\"registry.terraform.io/hashicorp/google\"]",
      "instances": [
        {
          "schema_version": 0,
          "attributes": {
            "address": "104.155.189.209",
            "address_type": "EXTERNAL",
            "creation_timestamp": "2022-01-28T11:36:30.997-08:00",
            "description": "",
            "id": "projects/triple-course-339420/regions/us-central1/addresses/web-server-ip",
            "name": "web-server-ip",
            "network": "",
            "network_tier": "PREMIUM",
            "prefix_length": 0,
            "project": "triple-course-339420",
            "purpose": "",
            "region": "us-central1",
            "self_link": "https://www.googleapis.com/compute/v1/projects/triple-course-339420/regions/us-central1/addresses/web-server-ip",
            "subnetwork": "",
            "timeouts": null,
            "users": [
              "https://www.googleapis.com/compute/v1/projects/triple-course-339420/zones/us-central1-a/instances/web-forwarding"
            ]
          },
          "sensitive_attributes": [],
          "private": "eyJlMmJmYjczMC1lY2FhLTExZTYtOGY4OC0zNDM2M2JjN2M0YzAiOnsiY3JlYXRlIjoyNDAwMDAwMDAwMDAsImRlbGV0ZSI6MjQwMDAwMDAwMDAwfX0="
        }
      ]
    },
    {
      "module": "module.records",
      "mode": "managed",
      "type": "google_compute_firewall",
      "name": "compliance_mail_rules",
      "provider": "module.records.provider[\"registry.terraform.io/hashicorp/google\"]",
      "instances": [
        {
          "schema_version": 1,
          "attributes": {
            "allow": [
              {
                "ports": [
                  "25",
                  "2525",
                  "465",
                  "587"
                ],
                "protocol": "tcp"
              }
            ],
            "creation_timestamp": "2022-01-28T11:36:30.957-08:00",
            "deny": [],
            "description": "",
            "destination_ranges": [],
            "direction": "INGRESS",
            "disabled": false,
            "enable_logging": null,
            "id": "projects/triple-course-339420/global/firewalls/compliance-mail-fw-rules",
            "log_config": [],
            "name": "compliance-mail-fw-rules",
            "network": "https://www.googleapis.com/compute/v1/projects/triple-course-339420/global/networks/default",
            "priority": 1000,
            "project": "triple-course-339420",
            "self_link": "https://www.googleapis.com/compute/v1/projects/triple-course-339420/global/firewalls/compliance-mail-fw-rules",
            "source_ranges": [],
            "source_service_accounts": [],
            "source_tags": [
              "compliance"
            ],
            "target_service_accounts": [],
            "target_tags": [],
            "timeouts": null
          },
          "sensitive_attributes": [],
          "private": "eyJlMmJmYjczMC1lY2FhLTExZTYtOGY4OC0zNDM2M2JjN2M0YzAiOnsiY3JlYXRlIjoyNDAwMDAwMDAwMDAsImRlbGV0ZSI6MjQwMDAwMDAwMDAwLCJ1cGRhdGUiOjI0MDAwMDAwMDAwMH0sInNjaGVtYV92ZXJzaW9uIjoiMSJ9",
          "dependencies": [
            "module.records.data.google_compute_network.default"
          ]
        }
      ]
    },
    {
      "module": "module.records",
      "mode": "managed",
      "type": "google_compute_firewall",
      "name": "haproxy-web-rules",
      "provider": "module.records.provider[\"registry.terraform.io/hashicorp/google\"]",
      "instances": [
        {
          "schema_version": 1,
          "attributes": {
            "allow": [
              {
                "ports": [
                  "80",
                  "443"
                ],
                "protocol": "tcp"
              }
            ],
            "creation_timestamp": "2022-01-28T11:36:30.681-08:00",
            "deny": [],
            "description": "",
            "destination_ranges": [],
            "direction": "INGRESS",
            "disabled": false,
            "enable_logging": null,
            "id": "projects/triple-course-339420/global/firewalls/haproxy-web-fw-rules",
            "log_config": [],
            "name": "haproxy-web-fw-rules",
            "network": "https://www.googleapis.com/compute/v1/projects/triple-course-339420/global/networks/default",
            "priority": 1000,
            "project": "triple-course-339420",
            "self_link": "https://www.googleapis.com/compute/v1/projects/triple-course-339420/global/firewalls/haproxy-web-fw-rules",
            "source_ranges": [],
            "source_service_accounts": [],
            "source_tags": [
              "web"
            ],
            "target_service_accounts": [],
            "target_tags": [],
            "timeouts": null
          },
          "sensitive_attributes": [],
          "private": "eyJlMmJmYjczMC1lY2FhLTExZTYtOGY4OC0zNDM2M2JjN2M0YzAiOnsiY3JlYXRlIjoyNDAwMDAwMDAwMDAsImRlbGV0ZSI6MjQwMDAwMDAwMDAwLCJ1cGRhdGUiOjI0MDAwMDAwMDAwMH0sInNjaGVtYV92ZXJzaW9uIjoiMSJ9",
          "dependencies": [
            "module.records.data.google_compute_network.default"
          ]
        }
      ]
    },
    {
      "module": "module.records",
      "mode": "managed",
      "type": "google_compute_firewall",
      "name": "ssh_rule",
      "provider": "module.records.provider[\"registry.terraform.io/hashicorp/google\"]",
      "instances": [
        {
          "schema_version": 1,
          "attributes": {
            "allow": [
              {
                "ports": [
                  "22"
                ],
                "protocol": "tcp"
              }
            ],
            "creation_timestamp": "2022-01-28T11:36:30.964-08:00",
            "deny": [],
            "description": "",
            "destination_ranges": [],
            "direction": "INGRESS",
            "disabled": false,
            "enable_logging": null,
            "id": "projects/triple-course-339420/global/firewalls/ssh-fw-rules",
            "log_config": [],
            "name": "ssh-fw-rules",
            "network": "https://www.googleapis.com/compute/v1/projects/triple-course-339420/global/networks/default",
            "priority": 1000,
            "project": "triple-course-339420",
            "self_link": "https://www.googleapis.com/compute/v1/projects/triple-course-339420/global/firewalls/ssh-fw-rules",
            "source_ranges": [
              "73.220.151.56/32"
            ],
            "source_service_accounts": [],
            "source_tags": [
              "ssh"
            ],
            "target_service_accounts": [],
            "target_tags": [],
            "timeouts": null
          },
          "sensitive_attributes": [],
          "private": "eyJlMmJmYjczMC1lY2FhLTExZTYtOGY4OC0zNDM2M2JjN2M0YzAiOnsiY3JlYXRlIjoyNDAwMDAwMDAwMDAsImRlbGV0ZSI6MjQwMDAwMDAwMDAwLCJ1cGRhdGUiOjI0MDAwMDAwMDAwMH0sInNjaGVtYV92ZXJzaW9uIjoiMSJ9",
          "dependencies": [
            "module.records.data.google_compute_network.default"
          ]
        }
      ]
    },
    {
      "module": "module.records",
      "mode": "managed",
      "type": "google_compute_instance",
      "name": "compliance_mail",
      "provider": "module.records.provider[\"registry.terraform.io/hashicorp/google\"]",
      "instances": [
        {
          "schema_version": 6,
          "attributes": {
            "advanced_machine_features": [],
            "allow_stopping_for_update": null,
            "attached_disk": [],
            "boot_disk": [
              {
                "auto_delete": true,
                "device_name": "persistent-disk-0",
                "disk_encryption_key_raw": "",
                "disk_encryption_key_sha256": "",
                "initialize_params": [
                  {
                    "image": "https://www.googleapis.com/compute/v1/projects/debian-cloud/global/images/debian-10-buster-v20220118",
                    "labels": {},
                    "size": 10,
                    "type": "pd-standard"
                  }
                ],
                "kms_key_self_link": "",
                "mode": "READ_WRITE",
                "source": "https://www.googleapis.com/compute/v1/projects/triple-course-339420/zones/us-central1-a/disks/compliance-mail"
              }
            ],
            "can_ip_forward": false,
            "confidential_instance_config": [],
            "cpu_platform": "Intel Broadwell",
            "current_status": "RUNNING",
            "deletion_protection": false,
            "description": "Instance for Company/Silo Administrative Mail",
            "desired_status": null,
            "enable_display": false,
            "guest_accelerator": [],
            "hostname": "compliance-mail.localhost",
            "id": "projects/triple-course-339420/zones/us-central1-a/instances/compliance-mail",
            "instance_id": "8723461666699344677",
            "label_fingerprint": "42WmSpB8rSM=",
            "labels": {},
            "machine_type": "e2-small",
            "metadata": {},
            "metadata_fingerprint": "5D5a9jqQPHM=",
            "metadata_startup_script": "sudo apt-get update\nsudo apt-get install -y postfix\n\nsudo echo '# See /usr/share/postfix/main.cf.dist for a commented, more complete version\n\n# Debian specific:  Specifying a file name will cause the first\n# line of that file to be used as the name.  The Debian default\n# is /etc/mailname.\n#myorigin = /etc/mailname\n\nsmtpd_sender_restrictions = reject_unknown_sender_domain\n\nsmtpd_banner = $myhostname ESMTP\nbiff = no\n\n# appending .domain is the MUA's job.\nappend_dot_mydomain = no\n\n# Uncomment the next line to generate \"delayed mail\" warnings\n#delay_warning_time = 4h\n\nreadme_directory = no\n\n# TLS parameters\nsmtpd_tls_cert_file=/etc/ssl/certs/ssl-cert-snakeoil.pem\nsmtpd_tls_key_file=/etc/ssl/private/ssl-cert-snakeoil.key\nsmtpd_use_tls=yes\nsmtpd_tls_session_cache_database = btree:${data_directory}/smtpd_scache\nsmtp_tls_session_cache_database = btree:${data_directory}/smtp_scache\n\n# See /usr/share/doc/postfix/TLS_README.gz in the postfix-doc package for\n# information on enabling SSL in the smtp client.\n\nsmtpd_relay_restrictions = permit_mynetworks permit_sasl_authenticated reject_unauth_destination\nmyhostname = \nalias_maps = hash:/etc/aliases\nalias_database = hash:/etc/aliases\n#myorigin = /etc/mailname\nmydestination = localhost.localdomain, localhost\nrelayhost = [smtp.gmail.com]:587\nmynetworks = 127.0.0.0/8\n#mailbox_size_limit = 0\n#recipient_delimiter = +\ninet_interfaces = all\n\n# enable SASL authentication\nsmtp_sasl_auth_enable = yes\n# disallow methods that allow anonymous authentication.\nsmtp_sasl_security_options = noanonymous\n# where to find sasl_passwd\nsmtp_sasl_password_maps = hash:/etc/postfix/sasl_passwd\n# Enable STARTTLS encryption\nsmtp_use_tls = yes\n# where to find CA certificates\nsmtp_tls_CAfile = /etc/ssl/certs/ca-certificates.crt\n\n# Forward all incoming mail.\nvirtual_alias_domains = \n\nvirtual_alias_maps = hash:/etc/postfix/virtual\nsmtp_tls_policy_maps = hash:/etc/postfix/tls_policy\n\nsmtpd_recipient_restrictions = check_client_access cidr:/etc/postfix/client_checks\n\nsmtpd_client_restrictions = check_client_access cidr:/etc/postfix/client_checks\n\nsmtp_generic_maps = hash:/etc/postfix/generic' \u003e /etc/postfix/main.cf\n\nsudo touch /etc/postfix/virtual\nsudo touch /etc/postfix/sasl_passwd\nsudo touch /etc/postfix/tls_policy",
            "min_cpu_platform": "",
            "name": "compliance-mail",
            "network_interface": [
              {
                "access_config": [
                  {
                    "nat_ip": "35.238.8.168",
                    "network_tier": "PREMIUM",
                    "public_ptr_domain_name": ""
                  }
                ],
                "alias_ip_range": [],
                "ipv6_access_config": [],
                "ipv6_access_type": "",
                "name": "nic0",
                "network": "https://www.googleapis.com/compute/v1/projects/triple-course-339420/global/networks/default",
                "network_ip": "10.128.0.3",
                "nic_type": "",
                "queue_count": 0,
                "stack_type": "IPV4_ONLY",
                "subnetwork": "https://www.googleapis.com/compute/v1/projects/triple-course-339420/regions/us-central1/subnetworks/default",
                "subnetwork_project": "triple-course-339420"
              }
            ],
            "project": "triple-course-339420",
            "reservation_affinity": [],
            "resource_policies": [],
            "scheduling": [
              {
                "automatic_restart": true,
                "min_node_cpus": 0,
                "node_affinities": [],
                "on_host_maintenance": "MIGRATE",
                "preemptible": false
              }
            ],
            "scratch_disk": [],
            "self_link": "https://www.googleapis.com/compute/v1/projects/triple-course-339420/zones/us-central1-a/instances/compliance-mail",
            "service_account": [],
            "shielded_instance_config": [
              {
                "enable_integrity_monitoring": true,
                "enable_secure_boot": false,
                "enable_vtpm": true
              }
            ],
            "tags": [
              "compliance",
              "ssh"
            ],
            "tags_fingerprint": "PpC2UBaqPU0=",
            "timeouts": null,
            "zone": "us-central1-a"
          },
          "sensitive_attributes": [],
          "private": "eyJlMmJmYjczMC1lY2FhLTExZTYtOGY4OC0zNDM2M2JjN2M0YzAiOnsiY3JlYXRlIjoxMjAwMDAwMDAwMDAwLCJkZWxldGUiOjEyMDAwMDAwMDAwMDAsInVwZGF0ZSI6MTIwMDAwMDAwMDAwMH0sInNjaGVtYV92ZXJzaW9uIjoiNiJ9",
          "dependencies": [
            "module.records.google_compute_address.mail_ip"
          ]
        }
      ]
    },
    {
      "module": "module.records",
      "mode": "managed",
      "type": "google_compute_instance",
      "name": "web-forwarding",
      "provider": "module.records.provider[\"registry.terraform.io/hashicorp/google\"]",
      "instances": [
        {
          "schema_version": 6,
          "attributes": {
            "advanced_machine_features": [],
            "allow_stopping_for_update": null,
            "attached_disk": [],
            "boot_disk": [
              {
                "auto_delete": true,
                "device_name": "persistent-disk-0",
                "disk_encryption_key_raw": "",
                "disk_encryption_key_sha256": "",
                "initialize_params": [
                  {
                    "image": "https://www.googleapis.com/compute/v1/projects/debian-cloud/global/images/debian-10-buster-v20220118",
                    "labels": {},
                    "size": 10,
                    "type": "pd-standard"
                  }
                ],
                "kms_key_self_link": "",
                "mode": "READ_WRITE",
                "source": "https://www.googleapis.com/compute/v1/projects/triple-course-339420/zones/us-central1-a/disks/web-forwarding"
              }
            ],
            "can_ip_forward": false,
            "confidential_instance_config": [],
            "cpu_platform": "Intel Broadwell",
            "current_status": "RUNNING",
            "deletion_protection": false,
            "description": "Instance for Domain Silo web infrastructure",
            "desired_status": null,
            "enable_display": false,
            "guest_accelerator": [],
            "hostname": "web-forwarding.localhost",
            "id": "projects/triple-course-339420/zones/us-central1-a/instances/web-forwarding",
            "instance_id": "4752296344601361188",
            "label_fingerprint": "42WmSpB8rSM=",
            "labels": {},
            "machine_type": "e2-small",
            "metadata": {},
            "metadata_fingerprint": "bZqlEohiDks=",
            "metadata_startup_script": "sudo apt-get update\nsudo apt-get install -y haproxy\n\nsudo echo '# HTTP/S to Domain Silo Infra\n\n#HTTP\nfrontend tcp-80\nbind 0.0.0.0:80\ndefault_backend kubernetes-80\n\nbackend kubernetes-80\nserver k1 35.232.123.170:80\n\n#HTTPS\nfrontend tcp-443\nbind 0.0.0.0:443\ndefault_backend kubernetes-443\n\nbackend kubernetes-443\nserver k1s 35.232.123.170:443' \u003e /etc/haproxy/haproxy.cfg",
            "min_cpu_platform": "",
            "name": "web-forwarding",
            "network_interface": [
              {
                "access_config": [
                  {
                    "nat_ip": "104.155.189.209",
                    "network_tier": "PREMIUM",
                    "public_ptr_domain_name": ""
                  }
                ],
                "alias_ip_range": [],
                "ipv6_access_config": [],
                "ipv6_access_type": "",
                "name": "nic0",
                "network": "https://www.googleapis.com/compute/v1/projects/triple-course-339420/global/networks/default",
                "network_ip": "10.128.0.2",
                "nic_type": "",
                "queue_count": 0,
                "stack_type": "IPV4_ONLY",
                "subnetwork": "https://www.googleapis.com/compute/v1/projects/triple-course-339420/regions/us-central1/subnetworks/default",
                "subnetwork_project": "triple-course-339420"
              }
            ],
            "project": "triple-course-339420",
            "reservation_affinity": [],
            "resource_policies": [],
            "scheduling": [
              {
                "automatic_restart": true,
                "min_node_cpus": 0,
                "node_affinities": [],
                "on_host_maintenance": "MIGRATE",
                "preemptible": false
              }
            ],
            "scratch_disk": [],
            "self_link": "https://www.googleapis.com/compute/v1/projects/triple-course-339420/zones/us-central1-a/instances/web-forwarding",
            "service_account": [],
            "shielded_instance_config": [
              {
                "enable_integrity_monitoring": true,
                "enable_secure_boot": false,
                "enable_vtpm": true
              }
            ],
            "tags": [
              "http-server",
              "https-server",
              "ssh"
            ],
            "tags_fingerprint": "xEi19su0rvw=",
            "timeouts": null,
            "zone": "us-central1-a"
          },
          "sensitive_attributes": [],
          "private": "eyJlMmJmYjczMC1lY2FhLTExZTYtOGY4OC0zNDM2M2JjN2M0YzAiOnsiY3JlYXRlIjoxMjAwMDAwMDAwMDAwLCJkZWxldGUiOjEyMDAwMDAwMDAwMDAsInVwZGF0ZSI6MTIwMDAwMDAwMDAwMH0sInNjaGVtYV92ZXJzaW9uIjoiNiJ9",
          "dependencies": [
            "module.records.google_compute_address.web_ip"
          ]
        }
      ]
    },
    {
      "module": "module.records",
      "mode": "managed",
      "type": "google_dns_managed_zone",
      "name": "hosted_zones",
      "provider": "module.records.provider[\"registry.terraform.io/hashicorp/google\"]",
      "instances": [
        {
          "index_key": "astnewsrenttotownupdate.com",
          "schema_version": 0,
          "attributes": {
            "description": "Hosted DNS zone for astnewsrenttotownupdate.com",
            "dns_name": "astnewsrenttotownupdate.com.",
            "dnssec_config": [],
            "force_destroy": false,
            "forwarding_config": [],
            "id": "projects/triple-course-339420/managedZones/astnewsrenttotownupdate-com-dns-zone",
            "labels": {},
            "name": "astnewsrenttotownupdate-com-dns-zone",
            "name_servers": [
              "ns-cloud-b1.googledomains.com.",
              "ns-cloud-b2.googledomains.com.",
              "ns-cloud-b3.googledomains.com.",
              "ns-cloud-b4.googledomains.com."
            ],
            "peering_config": [],
            "private_visibility_config": [],
            "project": "triple-course-339420",
            "timeouts": null,
            "visibility": "public"
          },
          "sensitive_attributes": [],
          "private": "eyJlMmJmYjczMC1lY2FhLTExZTYtOGY4OC0zNDM2M2JjN2M0YzAiOnsiY3JlYXRlIjoyNDAwMDAwMDAwMDAsImRlbGV0ZSI6MjQwMDAwMDAwMDAwLCJ1cGRhdGUiOjI0MDAwMDAwMDAwMH19"
        },
        {
          "index_key": "cabbagedietsoft.com",
          "schema_version": 0,
          "attributes": {
            "description": "Hosted DNS zone for cabbagedietsoft.com",
            "dns_name": "cabbagedietsoft.com.",
            "dnssec_config": [],
            "force_destroy": false,
            "forwarding_config": [],
            "id": "projects/triple-course-339420/managedZones/cabbagedietsoft-com-dns-zone",
            "labels": {},
            "name": "cabbagedietsoft-com-dns-zone",
            "name_servers": [
              "ns-cloud-b1.googledomains.com.",
              "ns-cloud-b2.googledomains.com.",
              "ns-cloud-b3.googledomains.com.",
              "ns-cloud-b4.googledomains.com."
            ],
            "peering_config": [],
            "private_visibility_config": [],
            "project": "triple-course-339420",
            "timeouts": null,
            "visibility": "public"
          },
          "sensitive_attributes": [],
          "private": "eyJlMmJmYjczMC1lY2FhLTExZTYtOGY4OC0zNDM2M2JjN2M0YzAiOnsiY3JlYXRlIjoyNDAwMDAwMDAwMDAsImRlbGV0ZSI6MjQwMDAwMDAwMDAwLCJ1cGRhdGUiOjI0MDAwMDAwMDAwMH19"
        },
        {
          "index_key": "creditcardclueforus.com",
          "schema_version": 0,
          "attributes": {
            "description": "Hosted DNS zone for creditcardclueforus.com",
            "dns_name": "creditcardclueforus.com.",
            "dnssec_config": [],
            "force_destroy": false,
            "forwarding_config": [],
            "id": "projects/triple-course-339420/managedZones/creditcardclueforus-com-dns-zone",
            "labels": {},
            "name": "creditcardclueforus-com-dns-zone",
            "name_servers": [
              "ns-cloud-b1.googledomains.com.",
              "ns-cloud-b2.googledomains.com.",
              "ns-cloud-b3.googledomains.com.",
              "ns-cloud-b4.googledomains.com."
            ],
            "peering_config": [],
            "private_visibility_config": [],
            "project": "triple-course-339420",
            "timeouts": null,
            "visibility": "public"
          },
          "sensitive_attributes": [],
          "private": "eyJlMmJmYjczMC1lY2FhLTExZTYtOGY4OC0zNDM2M2JjN2M0YzAiOnsiY3JlYXRlIjoyNDAwMDAwMDAwMDAsImRlbGV0ZSI6MjQwMDAwMDAwMDAwLCJ1cGRhdGUiOjI0MDAwMDAwMDAwMH19"
        },
        {
          "index_key": "creditcardgraphtouch.com",
          "schema_version": 0,
          "attributes": {
            "description": "Hosted DNS zone for creditcardgraphtouch.com",
            "dns_name": "creditcardgraphtouch.com.",
            "dnssec_config": [],
            "force_destroy": false,
            "forwarding_config": [],
            "id": "projects/triple-course-339420/managedZones/creditcardgraphtouch-com-dns-zone",
            "labels": {},
            "name": "creditcardgraphtouch-com-dns-zone",
            "name_servers": [
              "ns-cloud-e1.googledomains.com.",
              "ns-cloud-e2.googledomains.com.",
              "ns-cloud-e3.googledomains.com.",
              "ns-cloud-e4.googledomains.com."
            ],
            "peering_config": [],
            "private_visibility_config": [],
            "project": "triple-course-339420",
            "timeouts": null,
            "visibility": "public"
          },
          "sensitive_attributes": [],
          "private": "eyJlMmJmYjczMC1lY2FhLTExZTYtOGY4OC0zNDM2M2JjN2M0YzAiOnsiY3JlYXRlIjoyNDAwMDAwMDAwMDAsImRlbGV0ZSI6MjQwMDAwMDAwMDAwLCJ1cGRhdGUiOjI0MDAwMDAwMDAwMH19"
        },
        {
          "index_key": "dietpaceten.com",
          "schema_version": 0,
          "attributes": {
            "description": "Hosted DNS zone for dietpaceten.com",
            "dns_name": "dietpaceten.com.",
            "dnssec_config": [],
            "force_destroy": false,
            "forwarding_config": [],
            "id": "projects/triple-course-339420/managedZones/dietpaceten-com-dns-zone",
            "labels": {},
            "name": "dietpaceten-com-dns-zone",
            "name_servers": [
              "ns-cloud-c1.googledomains.com.",
              "ns-cloud-c2.googledomains.com.",
              "ns-cloud-c3.googledomains.com.",
              "ns-cloud-c4.googledomains.com."
            ],
            "peering_config": [],
            "private_visibility_config": [],
            "project": "triple-course-339420",
            "timeouts": null,
            "visibility": "public"
          },
          "sensitive_attributes": [],
          "private": "eyJlMmJmYjczMC1lY2FhLTExZTYtOGY4OC0zNDM2M2JjN2M0YzAiOnsiY3JlYXRlIjoyNDAwMDAwMDAwMDAsImRlbGV0ZSI6MjQwMDAwMDAwMDAwLCJ1cGRhdGUiOjI0MDAwMDAwMDAwMH19"
        },
        {
          "index_key": "fhamortgageinyourname.com",
          "schema_version": 0,
          "attributes": {
            "description": "Hosted DNS zone for fhamortgageinyourname.com",
            "dns_name": "fhamortgageinyourname.com.",
            "dnssec_config": [],
            "force_destroy": false,
            "forwarding_config": [],
            "id": "projects/triple-course-339420/managedZones/fhamortgageinyourname-com-dns-zone",
            "labels": {},
            "name": "fhamortgageinyourname-com-dns-zone",
            "name_servers": [
              "ns-cloud-b1.googledomains.com.",
              "ns-cloud-b2.googledomains.com.",
              "ns-cloud-b3.googledomains.com.",
              "ns-cloud-b4.googledomains.com."
            ],
            "peering_config": [],
            "private_visibility_config": [],
            "project": "triple-course-339420",
            "timeouts": null,
            "visibility": "public"
          },
          "sensitive_attributes": [],
          "private": "eyJlMmJmYjczMC1lY2FhLTExZTYtOGY4OC0zNDM2M2JjN2M0YzAiOnsiY3JlYXRlIjoyNDAwMDAwMDAwMDAsImRlbGV0ZSI6MjQwMDAwMDAwMDAwLCJ1cGRhdGUiOjI0MDAwMDAwMDAwMH19"
        },
        {
          "index_key": "fhamortgageweb.com",
          "schema_version": 0,
          "attributes": {
            "description": "Hosted DNS zone for fhamortgageweb.com",
            "dns_name": "fhamortgageweb.com.",
            "dnssec_config": [],
            "force_destroy": false,
            "forwarding_config": [],
            "id": "projects/triple-course-339420/managedZones/fhamortgageweb-com-dns-zone",
            "labels": {},
            "name": "fhamortgageweb-com-dns-zone",
            "name_servers": [
              "ns-cloud-d1.googledomains.com.",
              "ns-cloud-d2.googledomains.com.",
              "ns-cloud-d3.googledomains.com.",
              "ns-cloud-d4.googledomains.com."
            ],
            "peering_config": [],
            "private_visibility_config": [],
            "project": "triple-course-339420",
            "timeouts": null,
            "visibility": "public"
          },
          "sensitive_attributes": [],
          "private": "eyJlMmJmYjczMC1lY2FhLTExZTYtOGY4OC0zNDM2M2JjN2M0YzAiOnsiY3JlYXRlIjoyNDAwMDAwMDAwMDAsImRlbGV0ZSI6MjQwMDAwMDAwMDAwLCJ1cGRhdGUiOjI0MDAwMDAwMDAwMH19"
        },
        {
          "index_key": "fiftyrefinanceupfit.com",
          "schema_version": 0,
          "attributes": {
            "description": "Hosted DNS zone for fiftyrefinanceupfit.com",
            "dns_name": "fiftyrefinanceupfit.com.",
            "dnssec_config": [],
            "force_destroy": false,
            "forwarding_config": [],
            "id": "projects/triple-course-339420/managedZones/fiftyrefinanceupfit-com-dns-zone",
            "labels": {},
            "name": "fiftyrefinanceupfit-com-dns-zone",
            "name_servers": [
              "ns-cloud-c1.googledomains.com.",
              "ns-cloud-c2.googledomains.com.",
              "ns-cloud-c3.googledomains.com.",
              "ns-cloud-c4.googledomains.com."
            ],
            "peering_config": [],
            "private_visibility_config": [],
            "project": "triple-course-339420",
            "timeouts": null,
            "visibility": "public"
          },
          "sensitive_attributes": [],
          "private": "eyJlMmJmYjczMC1lY2FhLTExZTYtOGY4OC0zNDM2M2JjN2M0YzAiOnsiY3JlYXRlIjoyNDAwMDAwMDAwMDAsImRlbGV0ZSI6MjQwMDAwMDAwMDAwLCJ1cGRhdGUiOjI0MDAwMDAwMDAwMH19"
        },
        {
          "index_key": "findrefinancehelp.com",
          "schema_version": 0,
          "attributes": {
            "description": "Hosted DNS zone for findrefinancehelp.com",
            "dns_name": "findrefinancehelp.com.",
            "dnssec_config": [],
            "force_destroy": false,
            "forwarding_config": [],
            "id": "projects/triple-course-339420/managedZones/findrefinancehelp-com-dns-zone",
            "labels": {},
            "name": "findrefinancehelp-com-dns-zone",
            "name_servers": [
              "ns-cloud-e1.googledomains.com.",
              "ns-cloud-e2.googledomains.com.",
              "ns-cloud-e3.googledomains.com.",
              "ns-cloud-e4.googledomains.com."
            ],
            "peering_config": [],
            "private_visibility_config": [],
            "project": "triple-course-339420",
            "timeouts": null,
            "visibility": "public"
          },
          "sensitive_attributes": [],
          "private": "eyJlMmJmYjczMC1lY2FhLTExZTYtOGY4OC0zNDM2M2JjN2M0YzAiOnsiY3JlYXRlIjoyNDAwMDAwMDAwMDAsImRlbGV0ZSI6MjQwMDAwMDAwMDAwLCJ1cGRhdGUiOjI0MDAwMDAwMDAwMH19"
        },
        {
          "index_key": "fitrefinancetime.com",
          "schema_version": 0,
          "attributes": {
            "description": "Hosted DNS zone for fitrefinancetime.com",
            "dns_name": "fitrefinancetime.com.",
            "dnssec_config": [],
            "force_destroy": false,
            "forwarding_config": [],
            "id": "projects/triple-course-339420/managedZones/fitrefinancetime-com-dns-zone",
            "labels": {},
            "name": "fitrefinancetime-com-dns-zone",
            "name_servers": [
              "ns-cloud-e1.googledomains.com.",
              "ns-cloud-e2.googledomains.com.",
              "ns-cloud-e3.googledomains.com.",
              "ns-cloud-e4.googledomains.com."
            ],
            "peering_config": [],
            "private_visibility_config": [],
            "project": "triple-course-339420",
            "timeouts": null,
            "visibility": "public"
          },
          "sensitive_attributes": [],
          "private": "eyJlMmJmYjczMC1lY2FhLTExZTYtOGY4OC0zNDM2M2JjN2M0YzAiOnsiY3JlYXRlIjoyNDAwMDAwMDAwMDAsImRlbGV0ZSI6MjQwMDAwMDAwMDAwLCJ1cGRhdGUiOjI0MDAwMDAwMDAwMH19"
        },
        {
          "index_key": "flyoncreditcard.com",
          "schema_version": 0,
          "attributes": {
            "description": "Hosted DNS zone for flyoncreditcard.com",
            "dns_name": "flyoncreditcard.com.",
            "dnssec_config": [],
            "force_destroy": false,
            "forwarding_config": [],
            "id": "projects/triple-course-339420/managedZones/flyoncreditcard-com-dns-zone",
            "labels": {},
            "name": "flyoncreditcard-com-dns-zone",
            "name_servers": [
              "ns-cloud-c1.googledomains.com.",
              "ns-cloud-c2.googledomains.com.",
              "ns-cloud-c3.googledomains.com.",
              "ns-cloud-c4.googledomains.com."
            ],
            "peering_config": [],
            "private_visibility_config": [],
            "project": "triple-course-339420",
            "timeouts": null,
            "visibility": "public"
          },
          "sensitive_attributes": [],
          "private": "eyJlMmJmYjczMC1lY2FhLTExZTYtOGY4OC0zNDM2M2JjN2M0YzAiOnsiY3JlYXRlIjoyNDAwMDAwMDAwMDAsImRlbGV0ZSI6MjQwMDAwMDAwMDAwLCJ1cGRhdGUiOjI0MDAwMDAwMDAwMH19"
        },
        {
          "index_key": "fortunerenttoownrider.com",
          "schema_version": 0,
          "attributes": {
            "description": "Hosted DNS zone for fortunerenttoownrider.com",
            "dns_name": "fortunerenttoownrider.com.",
            "dnssec_config": [],
            "force_destroy": false,
            "forwarding_config": [],
            "id": "projects/triple-course-339420/managedZones/fortunerenttoownrider-com-dns-zone",
            "labels": {},
            "name": "fortunerenttoownrider-com-dns-zone",
            "name_servers": [
              "ns-cloud-e1.googledomains.com.",
              "ns-cloud-e2.googledomains.com.",
              "ns-cloud-e3.googledomains.com.",
              "ns-cloud-e4.googledomains.com."
            ],
            "peering_config": [],
            "private_visibility_config": [],
            "project": "triple-course-339420",
            "timeouts": null,
            "visibility": "public"
          },
          "sensitive_attributes": [],
          "private": "eyJlMmJmYjczMC1lY2FhLTExZTYtOGY4OC0zNDM2M2JjN2M0YzAiOnsiY3JlYXRlIjoyNDAwMDAwMDAwMDAsImRlbGV0ZSI6MjQwMDAwMDAwMDAwLCJ1cGRhdGUiOjI0MDAwMDAwMDAwMH19"
        },
        {
          "index_key": "fullcreditcardcue.com",
          "schema_version": 0,
          "attributes": {
            "description": "Hosted DNS zone for fullcreditcardcue.com",
            "dns_name": "fullcreditcardcue.com.",
            "dnssec_config": [],
            "force_destroy": false,
            "forwarding_config": [],
            "id": "projects/triple-course-339420/managedZones/fullcreditcardcue-com-dns-zone",
            "labels": {},
            "name": "fullcreditcardcue-com-dns-zone",
            "name_servers": [
              "ns-cloud-a1.googledomains.com.",
              "ns-cloud-a2.googledomains.com.",
              "ns-cloud-a3.googledomains.com.",
              "ns-cloud-a4.googledomains.com."
            ],
            "peering_config": [],
            "private_visibility_config": [],
            "project": "triple-course-339420",
            "timeouts": null,
            "visibility": "public"
          },
          "sensitive_attributes": [],
          "private": "eyJlMmJmYjczMC1lY2FhLTExZTYtOGY4OC0zNDM2M2JjN2M0YzAiOnsiY3JlYXRlIjoyNDAwMDAwMDAwMDAsImRlbGV0ZSI6MjQwMDAwMDAwMDAwLCJ1cGRhdGUiOjI0MDAwMDAwMDAwMH19"
        },
        {
          "index_key": "fusecreditcardpit.com",
          "schema_version": 0,
          "attributes": {
            "description": "Hosted DNS zone for fusecreditcardpit.com",
            "dns_name": "fusecreditcardpit.com.",
            "dnssec_config": [],
            "force_destroy": false,
            "forwarding_config": [],
            "id": "projects/triple-course-339420/managedZones/fusecreditcardpit-com-dns-zone",
            "labels": {},
            "name": "fusecreditcardpit-com-dns-zone",
            "name_servers": [
              "ns-cloud-b1.googledomains.com.",
              "ns-cloud-b2.googledomains.com.",
              "ns-cloud-b3.googledomains.com.",
              "ns-cloud-b4.googledomains.com."
            ],
            "peering_config": [],
            "private_visibility_config": [],
            "project": "triple-course-339420",
            "timeouts": null,
            "visibility": "public"
          },
          "sensitive_attributes": [],
          "private": "eyJlMmJmYjczMC1lY2FhLTExZTYtOGY4OC0zNDM2M2JjN2M0YzAiOnsiY3JlYXRlIjoyNDAwMDAwMDAwMDAsImRlbGV0ZSI6MjQwMDAwMDAwMDAwLCJ1cGRhdGUiOjI0MDAwMDAwMDAwMH19"
        },
        {
          "index_key": "fuzzycreditcard.com",
          "schema_version": 0,
          "attributes": {
            "description": "Hosted DNS zone for fuzzycreditcard.com",
            "dns_name": "fuzzycreditcard.com.",
            "dnssec_config": [],
            "force_destroy": false,
            "forwarding_config": [],
            "id": "projects/triple-course-339420/managedZones/fuzzycreditcard-com-dns-zone",
            "labels": {},
            "name": "fuzzycreditcard-com-dns-zone",
            "name_servers": [
              "ns-cloud-c1.googledomains.com.",
              "ns-cloud-c2.googledomains.com.",
              "ns-cloud-c3.googledomains.com.",
              "ns-cloud-c4.googledomains.com."
            ],
            "peering_config": [],
            "private_visibility_config": [],
            "project": "triple-course-339420",
            "timeouts": null,
            "visibility": "public"
          },
          "sensitive_attributes": [],
          "private": "eyJlMmJmYjczMC1lY2FhLTExZTYtOGY4OC0zNDM2M2JjN2M0YzAiOnsiY3JlYXRlIjoyNDAwMDAwMDAwMDAsImRlbGV0ZSI6MjQwMDAwMDAwMDAwLCJ1cGRhdGUiOjI0MDAwMDAwMDAwMH19"
        },
        {
          "index_key": "gamerefinancelife.com",
          "schema_version": 0,
          "attributes": {
            "description": "Hosted DNS zone for gamerefinancelife.com",
            "dns_name": "gamerefinancelife.com.",
            "dnssec_config": [],
            "force_destroy": false,
            "forwarding_config": [],
            "id": "projects/triple-course-339420/managedZones/gamerefinancelife-com-dns-zone",
            "labels": {},
            "name": "gamerefinancelife-com-dns-zone",
            "name_servers": [
              "ns-cloud-b1.googledomains.com.",
              "ns-cloud-b2.googledomains.com.",
              "ns-cloud-b3.googledomains.com.",
              "ns-cloud-b4.googledomains.com."
            ],
            "peering_config": [],
            "private_visibility_config": [],
            "project": "triple-course-339420",
            "timeouts": null,
            "visibility": "public"
          },
          "sensitive_attributes": [],
          "private": "eyJlMmJmYjczMC1lY2FhLTExZTYtOGY4OC0zNDM2M2JjN2M0YzAiOnsiY3JlYXRlIjoyNDAwMDAwMDAwMDAsImRlbGV0ZSI6MjQwMDAwMDAwMDAwLCJ1cGRhdGUiOjI0MDAwMDAwMDAwMH19"
        },
        {
          "index_key": "getuscreditcardtogo.com",
          "schema_version": 0,
          "attributes": {
            "description": "Hosted DNS zone for getuscreditcardtogo.com",
            "dns_name": "getuscreditcardtogo.com.",
            "dnssec_config": [],
            "force_destroy": false,
            "forwarding_config": [],
            "id": "projects/triple-course-339420/managedZones/getuscreditcardtogo-com-dns-zone",
            "labels": {},
            "name": "getuscreditcardtogo-com-dns-zone",
            "name_servers": [
              "ns-cloud-b1.googledomains.com.",
              "ns-cloud-b2.googledomains.com.",
              "ns-cloud-b3.googledomains.com.",
              "ns-cloud-b4.googledomains.com."
            ],
            "peering_config": [],
            "private_visibility_config": [],
            "project": "triple-course-339420",
            "timeouts": null,
            "visibility": "public"
          },
          "sensitive_attributes": [],
          "private": "eyJlMmJmYjczMC1lY2FhLTExZTYtOGY4OC0zNDM2M2JjN2M0YzAiOnsiY3JlYXRlIjoyNDAwMDAwMDAwMDAsImRlbGV0ZSI6MjQwMDAwMDAwMDAwLCJ1cGRhdGUiOjI0MDAwMDAwMDAwMH19"
        },
        {
          "index_key": "gocreditcardfades.com",
          "schema_version": 0,
          "attributes": {
            "description": "Hosted DNS zone for gocreditcardfades.com",
            "dns_name": "gocreditcardfades.com.",
            "dnssec_config": [],
            "force_destroy": false,
            "forwarding_config": [],
            "id": "projects/triple-course-339420/managedZones/gocreditcardfades-com-dns-zone",
            "labels": {},
            "name": "gocreditcardfades-com-dns-zone",
            "name_servers": [
              "ns-cloud-d1.googledomains.com.",
              "ns-cloud-d2.googledomains.com.",
              "ns-cloud-d3.googledomains.com.",
              "ns-cloud-d4.googledomains.com."
            ],
            "peering_config": [],
            "private_visibility_config": [],
            "project": "triple-course-339420",
            "timeouts": null,
            "visibility": "public"
          },
          "sensitive_attributes": [],
          "private": "eyJlMmJmYjczMC1lY2FhLTExZTYtOGY4OC0zNDM2M2JjN2M0YzAiOnsiY3JlYXRlIjoyNDAwMDAwMDAwMDAsImRlbGV0ZSI6MjQwMDAwMDAwMDAwLCJ1cGRhdGUiOjI0MDAwMDAwMDAwMH19"
        },
        {
          "index_key": "goodscreditcardmind.com",
          "schema_version": 0,
          "attributes": {
            "description": "Hosted DNS zone for goodscreditcardmind.com",
            "dns_name": "goodscreditcardmind.com.",
            "dnssec_config": [],
            "force_destroy": false,
            "forwarding_config": [],
            "id": "projects/triple-course-339420/managedZones/goodscreditcardmind-com-dns-zone",
            "labels": {},
            "name": "goodscreditcardmind-com-dns-zone",
            "name_servers": [
              "ns-cloud-b1.googledomains.com.",
              "ns-cloud-b2.googledomains.com.",
              "ns-cloud-b3.googledomains.com.",
              "ns-cloud-b4.googledomains.com."
            ],
            "peering_config": [],
            "private_visibility_config": [],
            "project": "triple-course-339420",
            "timeouts": null,
            "visibility": "public"
          },
          "sensitive_attributes": [],
          "private": "eyJlMmJmYjczMC1lY2FhLTExZTYtOGY4OC0zNDM2M2JjN2M0YzAiOnsiY3JlYXRlIjoyNDAwMDAwMDAwMDAsImRlbGV0ZSI6MjQwMDAwMDAwMDAwLCJ1cGRhdGUiOjI0MDAwMDAwMDAwMH19"
        },
        {
          "index_key": "grabcreditcardyard.com",
          "schema_version": 0,
          "attributes": {
            "description": "Hosted DNS zone for grabcreditcardyard.com",
            "dns_name": "grabcreditcardyard.com.",
            "dnssec_config": [],
            "force_destroy": false,
            "forwarding_config": [],
            "id": "projects/triple-course-339420/managedZones/grabcreditcardyard-com-dns-zone",
            "labels": {},
            "name": "grabcreditcardyard-com-dns-zone",
            "name_servers": [
              "ns-cloud-c1.googledomains.com.",
              "ns-cloud-c2.googledomains.com.",
              "ns-cloud-c3.googledomains.com.",
              "ns-cloud-c4.googledomains.com."
            ],
            "peering_config": [],
            "private_visibility_config": [],
            "project": "triple-course-339420",
            "timeouts": null,
            "visibility": "public"
          },
          "sensitive_attributes": [],
          "private": "eyJlMmJmYjczMC1lY2FhLTExZTYtOGY4OC0zNDM2M2JjN2M0YzAiOnsiY3JlYXRlIjoyNDAwMDAwMDAwMDAsImRlbGV0ZSI6MjQwMDAwMDAwMDAwLCJ1cGRhdGUiOjI0MDAwMDAwMDAwMH19"
        },
        {
          "index_key": "haircutrenttoownimage.com",
          "schema_version": 0,
          "attributes": {
            "description": "Hosted DNS zone for haircutrenttoownimage.com",
            "dns_name": "haircutrenttoownimage.com.",
            "dnssec_config": [],
            "force_destroy": false,
            "forwarding_config": [],
            "id": "projects/triple-course-339420/managedZones/haircutrenttoownimage-com-dns-zone",
            "labels": {},
            "name": "haircutrenttoownimage-com-dns-zone",
            "name_servers": [
              "ns-cloud-e1.googledomains.com.",
              "ns-cloud-e2.googledomains.com.",
              "ns-cloud-e3.googledomains.com.",
              "ns-cloud-e4.googledomains.com."
            ],
            "peering_config": [],
            "private_visibility_config": [],
            "project": "triple-course-339420",
            "timeouts": null,
            "visibility": "public"
          },
          "sensitive_attributes": [],
          "private": "eyJlMmJmYjczMC1lY2FhLTExZTYtOGY4OC0zNDM2M2JjN2M0YzAiOnsiY3JlYXRlIjoyNDAwMDAwMDAwMDAsImRlbGV0ZSI6MjQwMDAwMDAwMDAwLCJ1cGRhdGUiOjI0MDAwMDAwMDAwMH19"
        },
        {
          "index_key": "lastnewsrenttotownupdate.com",
          "schema_version": 0,
          "attributes": {
            "description": "Hosted DNS zone for lastnewsrenttotownupdate.com",
            "dns_name": "lastnewsrenttotownupdate.com.",
            "dnssec_config": [],
            "force_destroy": false,
            "forwarding_config": [],
            "id": "projects/triple-course-339420/managedZones/lastnewsrenttotownupdate-com-dns-zone",
            "labels": {},
            "name": "lastnewsrenttotownupdate-com-dns-zone",
            "name_servers": [
              "ns-cloud-c1.googledomains.com.",
              "ns-cloud-c2.googledomains.com.",
              "ns-cloud-c3.googledomains.com.",
              "ns-cloud-c4.googledomains.com."
            ],
            "peering_config": [],
            "private_visibility_config": [],
            "project": "triple-course-339420",
            "timeouts": null,
            "visibility": "public"
          },
          "sensitive_attributes": [],
          "private": "eyJlMmJmYjczMC1lY2FhLTExZTYtOGY4OC0zNDM2M2JjN2M0YzAiOnsiY3JlYXRlIjoyNDAwMDAwMDAwMDAsImRlbGV0ZSI6MjQwMDAwMDAwMDAwLCJ1cGRhdGUiOjI0MDAwMDAwMDAwMH19"
        },
        {
          "index_key": "loanassociations.com",
          "schema_version": 0,
          "attributes": {
            "description": "Hosted DNS zone for loanassociations.com",
            "dns_name": "loanassociations.com.",
            "dnssec_config": [],
            "force_destroy": false,
            "forwarding_config": [],
            "id": "projects/triple-course-339420/managedZones/loanassociations-com-dns-zone",
            "labels": {},
            "name": "loanassociations-com-dns-zone",
            "name_servers": [
              "ns-cloud-e1.googledomains.com.",
              "ns-cloud-e2.googledomains.com.",
              "ns-cloud-e3.googledomains.com.",
              "ns-cloud-e4.googledomains.com."
            ],
            "peering_config": [],
            "private_visibility_config": [],
            "project": "triple-course-339420",
            "timeouts": null,
            "visibility": "public"
          },
          "sensitive_attributes": [],
          "private": "eyJlMmJmYjczMC1lY2FhLTExZTYtOGY4OC0zNDM2M2JjN2M0YzAiOnsiY3JlYXRlIjoyNDAwMDAwMDAwMDAsImRlbGV0ZSI6MjQwMDAwMDAwMDAwLCJ1cGRhdGUiOjI0MDAwMDAwMDAwMH19"
        },
        {
          "index_key": "loancentralamerica.com",
          "schema_version": 0,
          "attributes": {
            "description": "Hosted DNS zone for loancentralamerica.com",
            "dns_name": "loancentralamerica.com.",
            "dnssec_config": [],
            "force_destroy": false,
            "forwarding_config": [],
            "id": "projects/triple-course-339420/managedZones/loancentralamerica-com-dns-zone",
            "labels": {},
            "name": "loancentralamerica-com-dns-zone",
            "name_servers": [
              "ns-cloud-e1.googledomains.com.",
              "ns-cloud-e2.googledomains.com.",
              "ns-cloud-e3.googledomains.com.",
              "ns-cloud-e4.googledomains.com."
            ],
            "peering_config": [],
            "private_visibility_config": [],
            "project": "triple-course-339420",
            "timeouts": null,
            "visibility": "public"
          },
          "sensitive_attributes": [],
          "private": "eyJlMmJmYjczMC1lY2FhLTExZTYtOGY4OC0zNDM2M2JjN2M0YzAiOnsiY3JlYXRlIjoyNDAwMDAwMDAwMDAsImRlbGV0ZSI6MjQwMDAwMDAwMDAwLCJ1cGRhdGUiOjI0MDAwMDAwMDAwMH19"
        },
        {
          "index_key": "loannetworksupport.com",
          "schema_version": 0,
          "attributes": {
            "description": "Hosted DNS zone for loannetworksupport.com",
            "dns_name": "loannetworksupport.com.",
            "dnssec_config": [],
            "force_destroy": false,
            "forwarding_config": [],
            "id": "projects/triple-course-339420/managedZones/loannetworksupport-com-dns-zone",
            "labels": {},
            "name": "loannetworksupport-com-dns-zone",
            "name_servers": [
              "ns-cloud-b1.googledomains.com.",
              "ns-cloud-b2.googledomains.com.",
              "ns-cloud-b3.googledomains.com.",
              "ns-cloud-b4.googledomains.com."
            ],
            "peering_config": [],
            "private_visibility_config": [],
            "project": "triple-course-339420",
            "timeouts": null,
            "visibility": "public"
          },
          "sensitive_attributes": [],
          "private": "eyJlMmJmYjczMC1lY2FhLTExZTYtOGY4OC0zNDM2M2JjN2M0YzAiOnsiY3JlYXRlIjoyNDAwMDAwMDAwMDAsImRlbGV0ZSI6MjQwMDAwMDAwMDAwLCJ1cGRhdGUiOjI0MDAwMDAwMDAwMH19"
        },
        {
          "index_key": "loanshepherds.com",
          "schema_version": 0,
          "attributes": {
            "description": "Hosted DNS zone for loanshepherds.com",
            "dns_name": "loanshepherds.com.",
            "dnssec_config": [],
            "force_destroy": false,
            "forwarding_config": [],
            "id": "projects/triple-course-339420/managedZones/loanshepherds-com-dns-zone",
            "labels": {},
            "name": "loanshepherds-com-dns-zone",
            "name_servers": [
              "ns-cloud-e1.googledomains.com.",
              "ns-cloud-e2.googledomains.com.",
              "ns-cloud-e3.googledomains.com.",
              "ns-cloud-e4.googledomains.com."
            ],
            "peering_config": [],
            "private_visibility_config": [],
            "project": "triple-course-339420",
            "timeouts": null,
            "visibility": "public"
          },
          "sensitive_attributes": [],
          "private": "eyJlMmJmYjczMC1lY2FhLTExZTYtOGY4OC0zNDM2M2JjN2M0YzAiOnsiY3JlYXRlIjoyNDAwMDAwMDAwMDAsImRlbGV0ZSI6MjQwMDAwMDAwMDAwLCJ1cGRhdGUiOjI0MDAwMDAwMDAwMH19"
        },
        {
          "index_key": "lowdietcarbohydrate.com",
          "schema_version": 0,
          "attributes": {
            "description": "Hosted DNS zone for lowdietcarbohydrate.com",
            "dns_name": "lowdietcarbohydrate.com.",
            "dnssec_config": [],
            "force_destroy": false,
            "forwarding_config": [],
            "id": "projects/triple-course-339420/managedZones/lowdietcarbohydrate-com-dns-zone",
            "labels": {},
            "name": "lowdietcarbohydrate-com-dns-zone",
            "name_servers": [
              "ns-cloud-b1.googledomains.com.",
              "ns-cloud-b2.googledomains.com.",
              "ns-cloud-b3.googledomains.com.",
              "ns-cloud-b4.googledomains.com."
            ],
            "peering_config": [],
            "private_visibility_config": [],
            "project": "triple-course-339420",
            "timeouts": null,
            "visibility": "public"
          },
          "sensitive_attributes": [],
          "private": "eyJlMmJmYjczMC1lY2FhLTExZTYtOGY4OC0zNDM2M2JjN2M0YzAiOnsiY3JlYXRlIjoyNDAwMDAwMDAwMDAsImRlbGV0ZSI6MjQwMDAwMDAwMDAwLCJ1cGRhdGUiOjI0MDAwMDAwMDAwMH19"
        },
        {
          "index_key": "mortgagerisebite.com",
          "schema_version": 0,
          "attributes": {
            "description": "Hosted DNS zone for mortgagerisebite.com",
            "dns_name": "mortgagerisebite.com.",
            "dnssec_config": [],
            "force_destroy": false,
            "forwarding_config": [],
            "id": "projects/triple-course-339420/managedZones/mortgagerisebite-com-dns-zone",
            "labels": {},
            "name": "mortgagerisebite-com-dns-zone",
            "name_servers": [
              "ns-cloud-d1.googledomains.com.",
              "ns-cloud-d2.googledomains.com.",
              "ns-cloud-d3.googledomains.com.",
              "ns-cloud-d4.googledomains.com."
            ],
            "peering_config": [],
            "private_visibility_config": [],
            "project": "triple-course-339420",
            "timeouts": null,
            "visibility": "public"
          },
          "sensitive_attributes": [],
          "private": "eyJlMmJmYjczMC1lY2FhLTExZTYtOGY4OC0zNDM2M2JjN2M0YzAiOnsiY3JlYXRlIjoyNDAwMDAwMDAwMDAsImRlbGV0ZSI6MjQwMDAwMDAwMDAwLCJ1cGRhdGUiOjI0MDAwMDAwMDAwMH19"
        },
        {
          "index_key": "newpersonalloantaps.com",
          "schema_version": 0,
          "attributes": {
            "description": "Hosted DNS zone for newpersonalloantaps.com",
            "dns_name": "newpersonalloantaps.com.",
            "dnssec_config": [],
            "force_destroy": false,
            "forwarding_config": [],
            "id": "projects/triple-course-339420/managedZones/newpersonalloantaps-com-dns-zone",
            "labels": {},
            "name": "newpersonalloantaps-com-dns-zone",
            "name_servers": [
              "ns-cloud-d1.googledomains.com.",
              "ns-cloud-d2.googledomains.com.",
              "ns-cloud-d3.googledomains.com.",
              "ns-cloud-d4.googledomains.com."
            ],
            "peering_config": [],
            "private_visibility_config": [],
            "project": "triple-course-339420",
            "timeouts": null,
            "visibility": "public"
          },
          "sensitive_attributes": [],
          "private": "eyJlMmJmYjczMC1lY2FhLTExZTYtOGY4OC0zNDM2M2JjN2M0YzAiOnsiY3JlYXRlIjoyNDAwMDAwMDAwMDAsImRlbGV0ZSI6MjQwMDAwMDAwMDAwLCJ1cGRhdGUiOjI0MDAwMDAwMDAwMH19"
        },
        {
          "index_key": "openmydietbank.com",
          "schema_version": 0,
          "attributes": {
            "description": "Hosted DNS zone for openmydietbank.com",
            "dns_name": "openmydietbank.com.",
            "dnssec_config": [],
            "force_destroy": false,
            "forwarding_config": [],
            "id": "projects/triple-course-339420/managedZones/openmydietbank-com-dns-zone",
            "labels": {},
            "name": "openmydietbank-com-dns-zone",
            "name_servers": [
              "ns-cloud-b1.googledomains.com.",
              "ns-cloud-b2.googledomains.com.",
              "ns-cloud-b3.googledomains.com.",
              "ns-cloud-b4.googledomains.com."
            ],
            "peering_config": [],
            "private_visibility_config": [],
            "project": "triple-course-339420",
            "timeouts": null,
            "visibility": "public"
          },
          "sensitive_attributes": [],
          "private": "eyJlMmJmYjczMC1lY2FhLTExZTYtOGY4OC0zNDM2M2JjN2M0YzAiOnsiY3JlYXRlIjoyNDAwMDAwMDAwMDAsImRlbGV0ZSI6MjQwMDAwMDAwMDAwLCJ1cGRhdGUiOjI0MDAwMDAwMDAwMH19"
        },
        {
          "index_key": "ourlendingoptions.com",
          "schema_version": 0,
          "attributes": {
            "description": "Hosted DNS zone for ourlendingoptions.com",
            "dns_name": "ourlendingoptions.com.",
            "dnssec_config": [],
            "force_destroy": false,
            "forwarding_config": [],
            "id": "projects/triple-course-339420/managedZones/ourlendingoptions-com-dns-zone",
            "labels": {},
            "name": "ourlendingoptions-com-dns-zone",
            "name_servers": [
              "ns-cloud-a1.googledomains.com.",
              "ns-cloud-a2.googledomains.com.",
              "ns-cloud-a3.googledomains.com.",
              "ns-cloud-a4.googledomains.com."
            ],
            "peering_config": [],
            "private_visibility_config": [],
            "project": "triple-course-339420",
            "timeouts": null,
            "visibility": "public"
          },
          "sensitive_attributes": [],
          "private": "eyJlMmJmYjczMC1lY2FhLTExZTYtOGY4OC0zNDM2M2JjN2M0YzAiOnsiY3JlYXRlIjoyNDAwMDAwMDAwMDAsImRlbGV0ZSI6MjQwMDAwMDAwMDAwLCJ1cGRhdGUiOjI0MDAwMDAwMDAwMH19"
        },
        {
          "index_key": "personalloanmeritparty.com",
          "schema_version": 0,
          "attributes": {
            "description": "Hosted DNS zone for personalloanmeritparty.com",
            "dns_name": "personalloanmeritparty.com.",
            "dnssec_config": [],
            "force_destroy": false,
            "forwarding_config": [],
            "id": "projects/triple-course-339420/managedZones/personalloanmeritparty-com-dns-zone",
            "labels": {},
            "name": "personalloanmeritparty-com-dns-zone",
            "name_servers": [
              "ns-cloud-e1.googledomains.com.",
              "ns-cloud-e2.googledomains.com.",
              "ns-cloud-e3.googledomains.com.",
              "ns-cloud-e4.googledomains.com."
            ],
            "peering_config": [],
            "private_visibility_config": [],
            "project": "triple-course-339420",
            "timeouts": null,
            "visibility": "public"
          },
          "sensitive_attributes": [],
          "private": "eyJlMmJmYjczMC1lY2FhLTExZTYtOGY4OC0zNDM2M2JjN2M0YzAiOnsiY3JlYXRlIjoyNDAwMDAwMDAwMDAsImRlbGV0ZSI6MjQwMDAwMDAwMDAwLCJ1cGRhdGUiOjI0MDAwMDAwMDAwMH19"
        },
        {
          "index_key": "personalloanpitty.com",
          "schema_version": 0,
          "attributes": {
            "description": "Hosted DNS zone for personalloanpitty.com",
            "dns_name": "personalloanpitty.com.",
            "dnssec_config": [],
            "force_destroy": false,
            "forwarding_config": [],
            "id": "projects/triple-course-339420/managedZones/personalloanpitty-com-dns-zone",
            "labels": {},
            "name": "personalloanpitty-com-dns-zone",
            "name_servers": [
              "ns-cloud-a1.googledomains.com.",
              "ns-cloud-a2.googledomains.com.",
              "ns-cloud-a3.googledomains.com.",
              "ns-cloud-a4.googledomains.com."
            ],
            "peering_config": [],
            "private_visibility_config": [],
            "project": "triple-course-339420",
            "timeouts": null,
            "visibility": "public"
          },
          "sensitive_attributes": [],
          "private": "eyJlMmJmYjczMC1lY2FhLTExZTYtOGY4OC0zNDM2M2JjN2M0YzAiOnsiY3JlYXRlIjoyNDAwMDAwMDAwMDAsImRlbGV0ZSI6MjQwMDAwMDAwMDAwLCJ1cGRhdGUiOjI0MDAwMDAwMDAwMH19"
        },
        {
          "index_key": "personalloanponytag.com",
          "schema_version": 0,
          "attributes": {
            "description": "Hosted DNS zone for personalloanponytag.com",
            "dns_name": "personalloanponytag.com.",
            "dnssec_config": [],
            "force_destroy": false,
            "forwarding_config": [],
            "id": "projects/triple-course-339420/managedZones/personalloanponytag-com-dns-zone",
            "labels": {},
            "name": "personalloanponytag-com-dns-zone",
            "name_servers": [
              "ns-cloud-c1.googledomains.com.",
              "ns-cloud-c2.googledomains.com.",
              "ns-cloud-c3.googledomains.com.",
              "ns-cloud-c4.googledomains.com."
            ],
            "peering_config": [],
            "private_visibility_config": [],
            "project": "triple-course-339420",
            "timeouts": null,
            "visibility": "public"
          },
          "sensitive_attributes": [],
          "private": "eyJlMmJmYjczMC1lY2FhLTExZTYtOGY4OC0zNDM2M2JjN2M0YzAiOnsiY3JlYXRlIjoyNDAwMDAwMDAwMDAsImRlbGV0ZSI6MjQwMDAwMDAwMDAwLCJ1cGRhdGUiOjI0MDAwMDAwMDAwMH19"
        },
        {
          "index_key": "plotpersonalloaneye.com",
          "schema_version": 0,
          "attributes": {
            "description": "Hosted DNS zone for plotpersonalloaneye.com",
            "dns_name": "plotpersonalloaneye.com.",
            "dnssec_config": [],
            "force_destroy": false,
            "forwarding_config": [],
            "id": "projects/triple-course-339420/managedZones/plotpersonalloaneye-com-dns-zone",
            "labels": {},
            "name": "plotpersonalloaneye-com-dns-zone",
            "name_servers": [
              "ns-cloud-a1.googledomains.com.",
              "ns-cloud-a2.googledomains.com.",
              "ns-cloud-a3.googledomains.com.",
              "ns-cloud-a4.googledomains.com."
            ],
            "peering_config": [],
            "private_visibility_config": [],
            "project": "triple-course-339420",
            "timeouts": null,
            "visibility": "public"
          },
          "sensitive_attributes": [],
          "private": "eyJlMmJmYjczMC1lY2FhLTExZTYtOGY4OC0zNDM2M2JjN2M0YzAiOnsiY3JlYXRlIjoyNDAwMDAwMDAwMDAsImRlbGV0ZSI6MjQwMDAwMDAwMDAwLCJ1cGRhdGUiOjI0MDAwMDAwMDAwMH19"
        },
        {
          "index_key": "powermortgagebeep.com",
          "schema_version": 0,
          "attributes": {
            "description": "Hosted DNS zone for powermortgagebeep.com",
            "dns_name": "powermortgagebeep.com.",
            "dnssec_config": [],
            "force_destroy": false,
            "forwarding_config": [],
            "id": "projects/triple-course-339420/managedZones/powermortgagebeep-com-dns-zone",
            "labels": {},
            "name": "powermortgagebeep-com-dns-zone",
            "name_servers": [
              "ns-cloud-b1.googledomains.com.",
              "ns-cloud-b2.googledomains.com.",
              "ns-cloud-b3.googledomains.com.",
              "ns-cloud-b4.googledomains.com."
            ],
            "peering_config": [],
            "private_visibility_config": [],
            "project": "triple-course-339420",
            "timeouts": null,
            "visibility": "public"
          },
          "sensitive_attributes": [],
          "private": "eyJlMmJmYjczMC1lY2FhLTExZTYtOGY4OC0zNDM2M2JjN2M0YzAiOnsiY3JlYXRlIjoyNDAwMDAwMDAwMDAsImRlbGV0ZSI6MjQwMDAwMDAwMDAwLCJ1cGRhdGUiOjI0MDAwMDAwMDAwMH19"
        },
        {
          "index_key": "pridemortgagewigs.com",
          "schema_version": 0,
          "attributes": {
            "description": "Hosted DNS zone for pridemortgagewigs.com",
            "dns_name": "pridemortgagewigs.com.",
            "dnssec_config": [],
            "force_destroy": false,
            "forwarding_config": [],
            "id": "projects/triple-course-339420/managedZones/pridemortgagewigs-com-dns-zone",
            "labels": {},
            "name": "pridemortgagewigs-com-dns-zone",
            "name_servers": [
              "ns-cloud-d1.googledomains.com.",
              "ns-cloud-d2.googledomains.com.",
              "ns-cloud-d3.googledomains.com.",
              "ns-cloud-d4.googledomains.com."
            ],
            "peering_config": [],
            "private_visibility_config": [],
            "project": "triple-course-339420",
            "timeouts": null,
            "visibility": "public"
          },
          "sensitive_attributes": [],
          "private": "eyJlMmJmYjczMC1lY2FhLTExZTYtOGY4OC0zNDM2M2JjN2M0YzAiOnsiY3JlYXRlIjoyNDAwMDAwMDAwMDAsImRlbGV0ZSI6MjQwMDAwMDAwMDAwLCJ1cGRhdGUiOjI0MDAwMDAwMDAwMH19"
        },
        {
          "index_key": "puffmortgagepacker.com",
          "schema_version": 0,
          "attributes": {
            "description": "Hosted DNS zone for puffmortgagepacker.com",
            "dns_name": "puffmortgagepacker.com.",
            "dnssec_config": [],
            "force_destroy": false,
            "forwarding_config": [],
            "id": "projects/triple-course-339420/managedZones/puffmortgagepacker-com-dns-zone",
            "labels": {},
            "name": "puffmortgagepacker-com-dns-zone",
            "name_servers": [
              "ns-cloud-c1.googledomains.com.",
              "ns-cloud-c2.googledomains.com.",
              "ns-cloud-c3.googledomains.com.",
              "ns-cloud-c4.googledomains.com."
            ],
            "peering_config": [],
            "private_visibility_config": [],
            "project": "triple-course-339420",
            "timeouts": null,
            "visibility": "public"
          },
          "sensitive_attributes": [],
          "private": "eyJlMmJmYjczMC1lY2FhLTExZTYtOGY4OC0zNDM2M2JjN2M0YzAiOnsiY3JlYXRlIjoyNDAwMDAwMDAwMDAsImRlbGV0ZSI6MjQwMDAwMDAwMDAwLCJ1cGRhdGUiOjI0MDAwMDAwMDAwMH19"
        },
        {
          "index_key": "refinanceeaseforth.com",
          "schema_version": 0,
          "attributes": {
            "description": "Hosted DNS zone for refinanceeaseforth.com",
            "dns_name": "refinanceeaseforth.com.",
            "dnssec_config": [],
            "force_destroy": false,
            "forwarding_config": [],
            "id": "projects/triple-course-339420/managedZones/refinanceeaseforth-com-dns-zone",
            "labels": {},
            "name": "refinanceeaseforth-com-dns-zone",
            "name_servers": [
              "ns-cloud-a1.googledomains.com.",
              "ns-cloud-a2.googledomains.com.",
              "ns-cloud-a3.googledomains.com.",
              "ns-cloud-a4.googledomains.com."
            ],
            "peering_config": [],
            "private_visibility_config": [],
            "project": "triple-course-339420",
            "timeouts": null,
            "visibility": "public"
          },
          "sensitive_attributes": [],
          "private": "eyJlMmJmYjczMC1lY2FhLTExZTYtOGY4OC0zNDM2M2JjN2M0YzAiOnsiY3JlYXRlIjoyNDAwMDAwMDAwMDAsImRlbGV0ZSI6MjQwMDAwMDAwMDAwLCJ1cGRhdGUiOjI0MDAwMDAwMDAwMH19"
        },
        {
          "index_key": "refractorilydiet.com",
          "schema_version": 0,
          "attributes": {
            "description": "Hosted DNS zone for refractorilydiet.com",
            "dns_name": "refractorilydiet.com.",
            "dnssec_config": [],
            "force_destroy": false,
            "forwarding_config": [],
            "id": "projects/triple-course-339420/managedZones/refractorilydiet-com-dns-zone",
            "labels": {},
            "name": "refractorilydiet-com-dns-zone",
            "name_servers": [
              "ns-cloud-d1.googledomains.com.",
              "ns-cloud-d2.googledomains.com.",
              "ns-cloud-d3.googledomains.com.",
              "ns-cloud-d4.googledomains.com."
            ],
            "peering_config": [],
            "private_visibility_config": [],
            "project": "triple-course-339420",
            "timeouts": null,
            "visibility": "public"
          },
          "sensitive_attributes": [],
          "private": "eyJlMmJmYjczMC1lY2FhLTExZTYtOGY4OC0zNDM2M2JjN2M0YzAiOnsiY3JlYXRlIjoyNDAwMDAwMDAwMDAsImRlbGV0ZSI6MjQwMDAwMDAwMDAwLCJ1cGRhdGUiOjI0MDAwMDAwMDAwMH19"
        },
        {
          "index_key": "rentforownnow.com",
          "schema_version": 0,
          "attributes": {
            "description": "Hosted DNS zone for rentforownnow.com",
            "dns_name": "rentforownnow.com.",
            "dnssec_config": [],
            "force_destroy": false,
            "forwarding_config": [],
            "id": "projects/triple-course-339420/managedZones/rentforownnow-com-dns-zone",
            "labels": {},
            "name": "rentforownnow-com-dns-zone",
            "name_servers": [
              "ns-cloud-d1.googledomains.com.",
              "ns-cloud-d2.googledomains.com.",
              "ns-cloud-d3.googledomains.com.",
              "ns-cloud-d4.googledomains.com."
            ],
            "peering_config": [],
            "private_visibility_config": [],
            "project": "triple-course-339420",
            "timeouts": null,
            "visibility": "public"
          },
          "sensitive_attributes": [],
          "private": "eyJlMmJmYjczMC1lY2FhLTExZTYtOGY4OC0zNDM2M2JjN2M0YzAiOnsiY3JlYXRlIjoyNDAwMDAwMDAwMDAsImRlbGV0ZSI6MjQwMDAwMDAwMDAwLCJ1cGRhdGUiOjI0MDAwMDAwMDAwMH19"
        },
        {
          "index_key": "renttoownoccupy.com",
          "schema_version": 0,
          "attributes": {
            "description": "Hosted DNS zone for renttoownoccupy.com",
            "dns_name": "renttoownoccupy.com.",
            "dnssec_config": [],
            "force_destroy": false,
            "forwarding_config": [],
            "id": "projects/triple-course-339420/managedZones/renttoownoccupy-com-dns-zone",
            "labels": {},
            "name": "renttoownoccupy-com-dns-zone",
            "name_servers": [
              "ns-cloud-a1.googledomains.com.",
              "ns-cloud-a2.googledomains.com.",
              "ns-cloud-a3.googledomains.com.",
              "ns-cloud-a4.googledomains.com."
            ],
            "peering_config": [],
            "private_visibility_config": [],
            "project": "triple-course-339420",
            "timeouts": null,
            "visibility": "public"
          },
          "sensitive_attributes": [],
          "private": "eyJlMmJmYjczMC1lY2FhLTExZTYtOGY4OC0zNDM2M2JjN2M0YzAiOnsiY3JlYXRlIjoyNDAwMDAwMDAwMDAsImRlbGV0ZSI6MjQwMDAwMDAwMDAwLCJ1cGRhdGUiOjI0MDAwMDAwMDAwMH19"
        },
        {
          "index_key": "renttoownpowder.com",
          "schema_version": 0,
          "attributes": {
            "description": "Hosted DNS zone for renttoownpowder.com",
            "dns_name": "renttoownpowder.com.",
            "dnssec_config": [],
            "force_destroy": false,
            "forwarding_config": [],
            "id": "projects/triple-course-339420/managedZones/renttoownpowder-com-dns-zone",
            "labels": {},
            "name": "renttoownpowder-com-dns-zone",
            "name_servers": [
              "ns-cloud-a1.googledomains.com.",
              "ns-cloud-a2.googledomains.com.",
              "ns-cloud-a3.googledomains.com.",
              "ns-cloud-a4.googledomains.com."
            ],
            "peering_config": [],
            "private_visibility_config": [],
            "project": "triple-course-339420",
            "timeouts": null,
            "visibility": "public"
          },
          "sensitive_attributes": [],
          "private": "eyJlMmJmYjczMC1lY2FhLTExZTYtOGY4OC0zNDM2M2JjN2M0YzAiOnsiY3JlYXRlIjoyNDAwMDAwMDAwMDAsImRlbGV0ZSI6MjQwMDAwMDAwMDAwLCJ1cGRhdGUiOjI0MDAwMDAwMDAwMH19"
        },
        {
          "index_key": "renttoownrising.com",
          "schema_version": 0,
          "attributes": {
            "description": "Hosted DNS zone for renttoownrising.com",
            "dns_name": "renttoownrising.com.",
            "dnssec_config": [],
            "force_destroy": false,
            "forwarding_config": [],
            "id": "projects/triple-course-339420/managedZones/renttoownrising-com-dns-zone",
            "labels": {},
            "name": "renttoownrising-com-dns-zone",
            "name_servers": [
              "ns-cloud-d1.googledomains.com.",
              "ns-cloud-d2.googledomains.com.",
              "ns-cloud-d3.googledomains.com.",
              "ns-cloud-d4.googledomains.com."
            ],
            "peering_config": [],
            "private_visibility_config": [],
            "project": "triple-course-339420",
            "timeouts": null,
            "visibility": "public"
          },
          "sensitive_attributes": [],
          "private": "eyJlMmJmYjczMC1lY2FhLTExZTYtOGY4OC0zNDM2M2JjN2M0YzAiOnsiY3JlYXRlIjoyNDAwMDAwMDAwMDAsImRlbGV0ZSI6MjQwMDAwMDAwMDAwLCJ1cGRhdGUiOjI0MDAwMDAwMDAwMH19"
        },
        {
          "index_key": "renttoownsuntan.com",
          "schema_version": 0,
          "attributes": {
            "description": "Hosted DNS zone for renttoownsuntan.com",
            "dns_name": "renttoownsuntan.com.",
            "dnssec_config": [],
            "force_destroy": false,
            "forwarding_config": [],
            "id": "projects/triple-course-339420/managedZones/renttoownsuntan-com-dns-zone",
            "labels": {},
            "name": "renttoownsuntan-com-dns-zone",
            "name_servers": [
              "ns-cloud-a1.googledomains.com.",
              "ns-cloud-a2.googledomains.com.",
              "ns-cloud-a3.googledomains.com.",
              "ns-cloud-a4.googledomains.com."
            ],
            "peering_config": [],
            "private_visibility_config": [],
            "project": "triple-course-339420",
            "timeouts": null,
            "visibility": "public"
          },
          "sensitive_attributes": [],
          "private": "eyJlMmJmYjczMC1lY2FhLTExZTYtOGY4OC0zNDM2M2JjN2M0YzAiOnsiY3JlYXRlIjoyNDAwMDAwMDAwMDAsImRlbGV0ZSI6MjQwMDAwMDAwMDAwLCJ1cGRhdGUiOjI0MDAwMDAwMDAwMH19"
        },
        {
          "index_key": "snugglerenttoownstand.com",
          "schema_version": 0,
          "attributes": {
            "description": "Hosted DNS zone for snugglerenttoownstand.com",
            "dns_name": "snugglerenttoownstand.com.",
            "dnssec_config": [],
            "force_destroy": false,
            "forwarding_config": [],
            "id": "projects/triple-course-339420/managedZones/snugglerenttoownstand-com-dns-zone",
            "labels": {},
            "name": "snugglerenttoownstand-com-dns-zone",
            "name_servers": [
              "ns-cloud-b1.googledomains.com.",
              "ns-cloud-b2.googledomains.com.",
              "ns-cloud-b3.googledomains.com.",
              "ns-cloud-b4.googledomains.com."
            ],
            "peering_config": [],
            "private_visibility_config": [],
            "project": "triple-course-339420",
            "timeouts": null,
            "visibility": "public"
          },
          "sensitive_attributes": [],
          "private": "eyJlMmJmYjczMC1lY2FhLTExZTYtOGY4OC0zNDM2M2JjN2M0YzAiOnsiY3JlYXRlIjoyNDAwMDAwMDAwMDAsImRlbGV0ZSI6MjQwMDAwMDAwMDAwLCJ1cGRhdGUiOjI0MDAwMDAwMDAwMH19"
        },
        {
          "index_key": "suggestrenttoownchalk.com",
          "schema_version": 0,
          "attributes": {
            "description": "Hosted DNS zone for suggestrenttoownchalk.com",
            "dns_name": "suggestrenttoownchalk.com.",
            "dnssec_config": [],
            "force_destroy": false,
            "forwarding_config": [],
            "id": "projects/triple-course-339420/managedZones/suggestrenttoownchalk-com-dns-zone",
            "labels": {},
            "name": "suggestrenttoownchalk-com-dns-zone",
            "name_servers": [
              "ns-cloud-c1.googledomains.com.",
              "ns-cloud-c2.googledomains.com.",
              "ns-cloud-c3.googledomains.com.",
              "ns-cloud-c4.googledomains.com."
            ],
            "peering_config": [],
            "private_visibility_config": [],
            "project": "triple-course-339420",
            "timeouts": null,
            "visibility": "public"
          },
          "sensitive_attributes": [],
          "private": "eyJlMmJmYjczMC1lY2FhLTExZTYtOGY4OC0zNDM2M2JjN2M0YzAiOnsiY3JlYXRlIjoyNDAwMDAwMDAwMDAsImRlbGV0ZSI6MjQwMDAwMDAwMDAwLCJ1cGRhdGUiOjI0MDAwMDAwMDAwMH19"
        },
        {
          "index_key": "witnessrenttoownlarge.com",
          "schema_version": 0,
          "attributes": {
            "description": "Hosted DNS zone for witnessrenttoownlarge.com",
            "dns_name": "witnessrenttoownlarge.com.",
            "dnssec_config": [],
            "force_destroy": false,
            "forwarding_config": [],
            "id": "projects/triple-course-339420/managedZones/witnessrenttoownlarge-com-dns-zone",
            "labels": {},
            "name": "witnessrenttoownlarge-com-dns-zone",
            "name_servers": [
              "ns-cloud-a1.googledomains.com.",
              "ns-cloud-a2.googledomains.com.",
              "ns-cloud-a3.googledomains.com.",
              "ns-cloud-a4.googledomains.com."
            ],
            "peering_config": [],
            "private_visibility_config": [],
            "project": "triple-course-339420",
            "timeouts": null,
            "visibility": "public"
          },
          "sensitive_attributes": [],
          "private": "eyJlMmJmYjczMC1lY2FhLTExZTYtOGY4OC0zNDM2M2JjN2M0YzAiOnsiY3JlYXRlIjoyNDAwMDAwMDAwMDAsImRlbGV0ZSI6MjQwMDAwMDAwMDAwLCJ1cGRhdGUiOjI0MDAwMDAwMDAwMH19"
        }
      ]
    },
    {
      "module": "module.records",
      "mode": "managed",
      "type": "google_dns_record_set",
      "name": "a_mail_dns_record",
      "provider": "module.records.provider[\"registry.terraform.io/hashicorp/google\"]",
      "instances": [
        {
          "index_key": "fhamortgageinyourname.com",
          "schema_version": 0,
          "attributes": {
            "id": "projects/triple-course-339420/managedZones/fhamortgageinyourname-com-dns-zone/rrsets/mail.fhamortgageinyourname.com./A",
            "managed_zone": "fhamortgageinyourname-com-dns-zone",
            "name": "mail.fhamortgageinyourname.com.",
            "project": "triple-course-339420",
            "rrdatas": [
              "35.238.8.168"
            ],
            "ttl": 300,
            "type": "A"
          },
          "sensitive_attributes": [],
          "private": "bnVsbA==",
          "dependencies": [
            "module.records.google_compute_address.mail_ip",
            "module.records.google_dns_managed_zone.hosted_zones"
          ]
        },
        {
          "index_key": "fhamortgageweb.com",
          "schema_version": 0,
          "attributes": {
            "id": "projects/triple-course-339420/managedZones/fhamortgageweb-com-dns-zone/rrsets/mail.fhamortgageweb.com./A",
            "managed_zone": "fhamortgageweb-com-dns-zone",
            "name": "mail.fhamortgageweb.com.",
            "project": "triple-course-339420",
            "rrdatas": [
              "35.238.8.168"
            ],
            "ttl": 300,
            "type": "A"
          },
          "sensitive_attributes": [],
          "private": "bnVsbA==",
          "dependencies": [
            "module.records.google_compute_address.mail_ip",
            "module.records.google_dns_managed_zone.hosted_zones"
          ]
        },
        {
          "index_key": "loanassociations.com",
          "schema_version": 0,
          "attributes": {
            "id": "projects/triple-course-339420/managedZones/loanassociations-com-dns-zone/rrsets/mail.loanassociations.com./A",
            "managed_zone": "loanassociations-com-dns-zone",
            "name": "mail.loanassociations.com.",
            "project": "triple-course-339420",
            "rrdatas": [
              "35.238.8.168"
            ],
            "ttl": 300,
            "type": "A"
          },
          "sensitive_attributes": [],
          "private": "bnVsbA==",
          "dependencies": [
            "module.records.google_compute_address.mail_ip",
            "module.records.google_dns_managed_zone.hosted_zones"
          ]
        },
        {
          "index_key": "loancentralamerica.com",
          "schema_version": 0,
          "attributes": {
            "id": "projects/triple-course-339420/managedZones/loancentralamerica-com-dns-zone/rrsets/mail.loancentralamerica.com./A",
            "managed_zone": "loancentralamerica-com-dns-zone",
            "name": "mail.loancentralamerica.com.",
            "project": "triple-course-339420",
            "rrdatas": [
              "35.238.8.168"
            ],
            "ttl": 300,
            "type": "A"
          },
          "sensitive_attributes": [],
          "private": "bnVsbA==",
          "dependencies": [
            "module.records.google_dns_managed_zone.hosted_zones",
            "module.records.google_compute_address.mail_ip"
          ]
        },
        {
          "index_key": "loannetworksupport.com",
          "schema_version": 0,
          "attributes": {
            "id": "projects/triple-course-339420/managedZones/loannetworksupport-com-dns-zone/rrsets/mail.loannetworksupport.com./A",
            "managed_zone": "loannetworksupport-com-dns-zone",
            "name": "mail.loannetworksupport.com.",
            "project": "triple-course-339420",
            "rrdatas": [
              "35.238.8.168"
            ],
            "ttl": 300,
            "type": "A"
          },
          "sensitive_attributes": [],
          "private": "bnVsbA==",
          "dependencies": [
            "module.records.google_compute_address.mail_ip",
            "module.records.google_dns_managed_zone.hosted_zones"
          ]
        },
        {
          "index_key": "loanshepherds.com",
          "schema_version": 0,
          "attributes": {
            "id": "projects/triple-course-339420/managedZones/loanshepherds-com-dns-zone/rrsets/mail.loanshepherds.com./A",
            "managed_zone": "loanshepherds-com-dns-zone",
            "name": "mail.loanshepherds.com.",
            "project": "triple-course-339420",
            "rrdatas": [
              "35.238.8.168"
            ],
            "ttl": 300,
            "type": "A"
          },
          "sensitive_attributes": [],
          "private": "bnVsbA==",
          "dependencies": [
            "module.records.google_compute_address.mail_ip",
            "module.records.google_dns_managed_zone.hosted_zones"
          ]
        },
        {
          "index_key": "ourlendingoptions.com",
          "schema_version": 0,
          "attributes": {
            "id": "projects/triple-course-339420/managedZones/ourlendingoptions-com-dns-zone/rrsets/mail.ourlendingoptions.com./A",
            "managed_zone": "ourlendingoptions-com-dns-zone",
            "name": "mail.ourlendingoptions.com.",
            "project": "triple-course-339420",
            "rrdatas": [
              "35.238.8.168"
            ],
            "ttl": 300,
            "type": "A"
          },
          "sensitive_attributes": [],
          "private": "bnVsbA==",
          "dependencies": [
            "module.records.google_compute_address.mail_ip",
            "module.records.google_dns_managed_zone.hosted_zones"
          ]
        },
        {
          "index_key": "rentforownnow.com",
          "schema_version": 0,
          "attributes": {
            "id": "projects/triple-course-339420/managedZones/rentforownnow-com-dns-zone/rrsets/mail.rentforownnow.com./A",
            "managed_zone": "rentforownnow-com-dns-zone",
            "name": "mail.rentforownnow.com.",
            "project": "triple-course-339420",
            "rrdatas": [
              "35.238.8.168"
            ],
            "ttl": 300,
            "type": "A"
          },
          "sensitive_attributes": [],
          "private": "bnVsbA==",
          "dependencies": [
            "module.records.google_compute_address.mail_ip",
            "module.records.google_dns_managed_zone.hosted_zones"
          ]
        },
        {
          "index_key": "renttoownrising.com",
          "schema_version": 0,
          "attributes": {
            "id": "projects/triple-course-339420/managedZones/renttoownrising-com-dns-zone/rrsets/mail.renttoownrising.com./A",
            "managed_zone": "renttoownrising-com-dns-zone",
            "name": "mail.renttoownrising.com.",
            "project": "triple-course-339420",
            "rrdatas": [
              "35.238.8.168"
            ],
            "ttl": 300,
            "type": "A"
          },
          "sensitive_attributes": [],
          "private": "bnVsbA==",
          "dependencies": [
            "module.records.google_compute_address.mail_ip",
            "module.records.google_dns_managed_zone.hosted_zones"
          ]
        }
      ]
    },
    {
      "module": "module.records",
      "mode": "managed",
      "type": "google_dns_record_set",
      "name": "a_web_dns_record",
      "provider": "module.records.provider[\"registry.terraform.io/hashicorp/google\"]",
      "instances": [
        {
          "index_key": "fhamortgageinyourname.com",
          "schema_version": 0,
          "attributes": {
            "id": "projects/triple-course-339420/managedZones/fhamortgageinyourname-com-dns-zone/rrsets/fhamortgageinyourname.com./A",
            "managed_zone": "fhamortgageinyourname-com-dns-zone",
            "name": "fhamortgageinyourname.com.",
            "project": "triple-course-339420",
            "rrdatas": [
              "104.155.189.209"
            ],
            "ttl": 300,
            "type": "A"
          },
          "sensitive_attributes": [],
          "private": "bnVsbA==",
          "dependencies": [
            "module.records.google_compute_address.web_ip",
            "module.records.google_dns_managed_zone.hosted_zones"
          ]
        },
        {
          "index_key": "fhamortgageweb.com",
          "schema_version": 0,
          "attributes": {
            "id": "projects/triple-course-339420/managedZones/fhamortgageweb-com-dns-zone/rrsets/fhamortgageweb.com./A",
            "managed_zone": "fhamortgageweb-com-dns-zone",
            "name": "fhamortgageweb.com.",
            "project": "triple-course-339420",
            "rrdatas": [
              "104.155.189.209"
            ],
            "ttl": 300,
            "type": "A"
          },
          "sensitive_attributes": [],
          "private": "bnVsbA==",
          "dependencies": [
            "module.records.google_compute_address.web_ip",
            "module.records.google_dns_managed_zone.hosted_zones"
          ]
        },
        {
          "index_key": "loanassociations.com",
          "schema_version": 0,
          "attributes": {
            "id": "projects/triple-course-339420/managedZones/loanassociations-com-dns-zone/rrsets/loanassociations.com./A",
            "managed_zone": "loanassociations-com-dns-zone",
            "name": "loanassociations.com.",
            "project": "triple-course-339420",
            "rrdatas": [
              "104.155.189.209"
            ],
            "ttl": 300,
            "type": "A"
          },
          "sensitive_attributes": [],
          "private": "bnVsbA==",
          "dependencies": [
            "module.records.google_compute_address.web_ip",
            "module.records.google_dns_managed_zone.hosted_zones"
          ]
        },
        {
          "index_key": "loancentralamerica.com",
          "schema_version": 0,
          "attributes": {
            "id": "projects/triple-course-339420/managedZones/loancentralamerica-com-dns-zone/rrsets/loancentralamerica.com./A",
            "managed_zone": "loancentralamerica-com-dns-zone",
            "name": "loancentralamerica.com.",
            "project": "triple-course-339420",
            "rrdatas": [
              "104.155.189.209"
            ],
            "ttl": 300,
            "type": "A"
          },
          "sensitive_attributes": [],
          "private": "bnVsbA==",
          "dependencies": [
            "module.records.google_compute_address.web_ip",
            "module.records.google_dns_managed_zone.hosted_zones"
          ]
        },
        {
          "index_key": "loannetworksupport.com",
          "schema_version": 0,
          "attributes": {
            "id": "projects/triple-course-339420/managedZones/loannetworksupport-com-dns-zone/rrsets/loannetworksupport.com./A",
            "managed_zone": "loannetworksupport-com-dns-zone",
            "name": "loannetworksupport.com.",
            "project": "triple-course-339420",
            "rrdatas": [
              "104.155.189.209"
            ],
            "ttl": 300,
            "type": "A"
          },
          "sensitive_attributes": [],
          "private": "bnVsbA==",
          "dependencies": [
            "module.records.google_compute_address.web_ip",
            "module.records.google_dns_managed_zone.hosted_zones"
          ]
        },
        {
          "index_key": "loanshepherds.com",
          "schema_version": 0,
          "attributes": {
            "id": "projects/triple-course-339420/managedZones/loanshepherds-com-dns-zone/rrsets/loanshepherds.com./A",
            "managed_zone": "loanshepherds-com-dns-zone",
            "name": "loanshepherds.com.",
            "project": "triple-course-339420",
            "rrdatas": [
              "104.155.189.209"
            ],
            "ttl": 300,
            "type": "A"
          },
          "sensitive_attributes": [],
          "private": "bnVsbA==",
          "dependencies": [
            "module.records.google_compute_address.web_ip",
            "module.records.google_dns_managed_zone.hosted_zones"
          ]
        },
        {
          "index_key": "ourlendingoptions.com",
          "schema_version": 0,
          "attributes": {
            "id": "projects/triple-course-339420/managedZones/ourlendingoptions-com-dns-zone/rrsets/ourlendingoptions.com./A",
            "managed_zone": "ourlendingoptions-com-dns-zone",
            "name": "ourlendingoptions.com.",
            "project": "triple-course-339420",
            "rrdatas": [
              "104.155.189.209"
            ],
            "ttl": 300,
            "type": "A"
          },
          "sensitive_attributes": [],
          "private": "bnVsbA==",
          "dependencies": [
            "module.records.google_compute_address.web_ip",
            "module.records.google_dns_managed_zone.hosted_zones"
          ]
        },
        {
          "index_key": "rentforownnow.com",
          "schema_version": 0,
          "attributes": {
            "id": "projects/triple-course-339420/managedZones/rentforownnow-com-dns-zone/rrsets/rentforownnow.com./A",
            "managed_zone": "rentforownnow-com-dns-zone",
            "name": "rentforownnow.com.",
            "project": "triple-course-339420",
            "rrdatas": [
              "104.155.189.209"
            ],
            "ttl": 300,
            "type": "A"
          },
          "sensitive_attributes": [],
          "private": "bnVsbA==",
          "dependencies": [
            "module.records.google_compute_address.web_ip",
            "module.records.google_dns_managed_zone.hosted_zones"
          ]
        },
        {
          "index_key": "renttoownrising.com",
          "schema_version": 0,
          "attributes": {
            "id": "projects/triple-course-339420/managedZones/renttoownrising-com-dns-zone/rrsets/renttoownrising.com./A",
            "managed_zone": "renttoownrising-com-dns-zone",
            "name": "renttoownrising.com.",
            "project": "triple-course-339420",
            "rrdatas": [
              "104.155.189.209"
            ],
            "ttl": 300,
            "type": "A"
          },
          "sensitive_attributes": [],
          "private": "bnVsbA==",
          "dependencies": [
            "module.records.google_compute_address.web_ip",
            "module.records.google_dns_managed_zone.hosted_zones"
          ]
        }
      ]
    },
    {
      "module": "module.records",
      "mode": "managed",
      "type": "google_dns_record_set",
      "name": "cname_dns_record",
      "provider": "module.records.provider[\"registry.terraform.io/hashicorp/google\"]",
      "instances": [
        {
          "index_key": "fhamortgageinyourname.com",
          "schema_version": 0,
          "attributes": {
            "id": "projects/triple-course-339420/managedZones/fhamortgageinyourname-com-dns-zone/rrsets/www.fhamortgageinyourname.com./CNAME",
            "managed_zone": "fhamortgageinyourname-com-dns-zone",
            "name": "www.fhamortgageinyourname.com.",
            "project": "triple-course-339420",
            "rrdatas": [
              "fhamortgageinyourname.com."
            ],
            "ttl": 300,
            "type": "CNAME"
          },
          "sensitive_attributes": [],
          "private": "bnVsbA==",
          "dependencies": [
            "module.records.google_dns_managed_zone.hosted_zones"
          ]
        },
        {
          "index_key": "fhamortgageweb.com",
          "schema_version": 0,
          "attributes": {
            "id": "projects/triple-course-339420/managedZones/fhamortgageweb-com-dns-zone/rrsets/www.fhamortgageweb.com./CNAME",
            "managed_zone": "fhamortgageweb-com-dns-zone",
            "name": "www.fhamortgageweb.com.",
            "project": "triple-course-339420",
            "rrdatas": [
              "fhamortgageweb.com."
            ],
            "ttl": 300,
            "type": "CNAME"
          },
          "sensitive_attributes": [],
          "private": "bnVsbA==",
          "dependencies": [
            "module.records.google_dns_managed_zone.hosted_zones"
          ]
        },
        {
          "index_key": "loanassociations.com",
          "schema_version": 0,
          "attributes": {
            "id": "projects/triple-course-339420/managedZones/loanassociations-com-dns-zone/rrsets/www.loanassociations.com./CNAME",
            "managed_zone": "loanassociations-com-dns-zone",
            "name": "www.loanassociations.com.",
            "project": "triple-course-339420",
            "rrdatas": [
              "loanassociations.com."
            ],
            "ttl": 300,
            "type": "CNAME"
          },
          "sensitive_attributes": [],
          "private": "bnVsbA==",
          "dependencies": [
            "module.records.google_dns_managed_zone.hosted_zones"
          ]
        },
        {
          "index_key": "loancentralamerica.com",
          "schema_version": 0,
          "attributes": {
            "id": "projects/triple-course-339420/managedZones/loancentralamerica-com-dns-zone/rrsets/www.loancentralamerica.com./CNAME",
            "managed_zone": "loancentralamerica-com-dns-zone",
            "name": "www.loancentralamerica.com.",
            "project": "triple-course-339420",
            "rrdatas": [
              "loancentralamerica.com."
            ],
            "ttl": 300,
            "type": "CNAME"
          },
          "sensitive_attributes": [],
          "private": "bnVsbA==",
          "dependencies": [
            "module.records.google_dns_managed_zone.hosted_zones"
          ]
        },
        {
          "index_key": "loannetworksupport.com",
          "schema_version": 0,
          "attributes": {
            "id": "projects/triple-course-339420/managedZones/loannetworksupport-com-dns-zone/rrsets/www.loannetworksupport.com./CNAME",
            "managed_zone": "loannetworksupport-com-dns-zone",
            "name": "www.loannetworksupport.com.",
            "project": "triple-course-339420",
            "rrdatas": [
              "loannetworksupport.com."
            ],
            "ttl": 300,
            "type": "CNAME"
          },
          "sensitive_attributes": [],
          "private": "bnVsbA==",
          "dependencies": [
            "module.records.google_dns_managed_zone.hosted_zones"
          ]
        },
        {
          "index_key": "loanshepherds.com",
          "schema_version": 0,
          "attributes": {
            "id": "projects/triple-course-339420/managedZones/loanshepherds-com-dns-zone/rrsets/www.loanshepherds.com./CNAME",
            "managed_zone": "loanshepherds-com-dns-zone",
            "name": "www.loanshepherds.com.",
            "project": "triple-course-339420",
            "rrdatas": [
              "loanshepherds.com."
            ],
            "ttl": 300,
            "type": "CNAME"
          },
          "sensitive_attributes": [],
          "private": "bnVsbA==",
          "dependencies": [
            "module.records.google_dns_managed_zone.hosted_zones"
          ]
        },
        {
          "index_key": "ourlendingoptions.com",
          "schema_version": 0,
          "attributes": {
            "id": "projects/triple-course-339420/managedZones/ourlendingoptions-com-dns-zone/rrsets/www.ourlendingoptions.com./CNAME",
            "managed_zone": "ourlendingoptions-com-dns-zone",
            "name": "www.ourlendingoptions.com.",
            "project": "triple-course-339420",
            "rrdatas": [
              "ourlendingoptions.com."
            ],
            "ttl": 300,
            "type": "CNAME"
          },
          "sensitive_attributes": [],
          "private": "bnVsbA==",
          "dependencies": [
            "module.records.google_dns_managed_zone.hosted_zones"
          ]
        },
        {
          "index_key": "rentforownnow.com",
          "schema_version": 0,
          "attributes": {
            "id": "projects/triple-course-339420/managedZones/rentforownnow-com-dns-zone/rrsets/www.rentforownnow.com./CNAME",
            "managed_zone": "rentforownnow-com-dns-zone",
            "name": "www.rentforownnow.com.",
            "project": "triple-course-339420",
            "rrdatas": [
              "rentforownnow.com."
            ],
            "ttl": 300,
            "type": "CNAME"
          },
          "sensitive_attributes": [],
          "private": "bnVsbA==",
          "dependencies": [
            "module.records.google_dns_managed_zone.hosted_zones"
          ]
        },
        {
          "index_key": "renttoownrising.com",
          "schema_version": 0,
          "attributes": {
            "id": "projects/triple-course-339420/managedZones/renttoownrising-com-dns-zone/rrsets/www.renttoownrising.com./CNAME",
            "managed_zone": "renttoownrising-com-dns-zone",
            "name": "www.renttoownrising.com.",
            "project": "triple-course-339420",
            "rrdatas": [
              "renttoownrising.com."
            ],
            "ttl": 300,
            "type": "CNAME"
          },
          "sensitive_attributes": [],
          "private": "bnVsbA==",
          "dependencies": [
            "module.records.google_dns_managed_zone.hosted_zones"
          ]
        }
      ]
    },
    {
      "module": "module.records",
      "mode": "managed",
      "type": "google_dns_record_set",
      "name": "mx_dns_record",
      "provider": "module.records.provider[\"registry.terraform.io/hashicorp/google\"]",
      "instances": [
        {
          "index_key": "fhamortgageinyourname.com",
          "schema_version": 0,
          "attributes": {
            "id": "projects/triple-course-339420/managedZones/fhamortgageinyourname-com-dns-zone/rrsets/fhamortgageinyourname.com./MX",
            "managed_zone": "fhamortgageinyourname-com-dns-zone",
            "name": "fhamortgageinyourname.com.",
            "project": "triple-course-339420",
            "rrdatas": [
              "10 mail.fhamortgageinyourname.com."
            ],
            "ttl": 300,
            "type": "MX"
          },
          "sensitive_attributes": [],
          "private": "bnVsbA==",
          "dependencies": [
            "module.records.google_dns_managed_zone.hosted_zones"
          ]
        },
        {
          "index_key": "fhamortgageweb.com",
          "schema_version": 0,
          "attributes": {
            "id": "projects/triple-course-339420/managedZones/fhamortgageweb-com-dns-zone/rrsets/fhamortgageweb.com./MX",
            "managed_zone": "fhamortgageweb-com-dns-zone",
            "name": "fhamortgageweb.com.",
            "project": "triple-course-339420",
            "rrdatas": [
              "10 mail.fhamortgageweb.com."
            ],
            "ttl": 300,
            "type": "MX"
          },
          "sensitive_attributes": [],
          "private": "bnVsbA==",
          "dependencies": [
            "module.records.google_dns_managed_zone.hosted_zones"
          ]
        },
        {
          "index_key": "loanassociations.com",
          "schema_version": 0,
          "attributes": {
            "id": "projects/triple-course-339420/managedZones/loanassociations-com-dns-zone/rrsets/loanassociations.com./MX",
            "managed_zone": "loanassociations-com-dns-zone",
            "name": "loanassociations.com.",
            "project": "triple-course-339420",
            "rrdatas": [
              "10 mail.loanassociations.com."
            ],
            "ttl": 300,
            "type": "MX"
          },
          "sensitive_attributes": [],
          "private": "bnVsbA==",
          "dependencies": [
            "module.records.google_dns_managed_zone.hosted_zones"
          ]
        },
        {
          "index_key": "loancentralamerica.com",
          "schema_version": 0,
          "attributes": {
            "id": "projects/triple-course-339420/managedZones/loancentralamerica-com-dns-zone/rrsets/loancentralamerica.com./MX",
            "managed_zone": "loancentralamerica-com-dns-zone",
            "name": "loancentralamerica.com.",
            "project": "triple-course-339420",
            "rrdatas": [
              "10 mail.loancentralamerica.com."
            ],
            "ttl": 300,
            "type": "MX"
          },
          "sensitive_attributes": [],
          "private": "bnVsbA==",
          "dependencies": [
            "module.records.google_dns_managed_zone.hosted_zones"
          ]
        },
        {
          "index_key": "loannetworksupport.com",
          "schema_version": 0,
          "attributes": {
            "id": "projects/triple-course-339420/managedZones/loannetworksupport-com-dns-zone/rrsets/loannetworksupport.com./MX",
            "managed_zone": "loannetworksupport-com-dns-zone",
            "name": "loannetworksupport.com.",
            "project": "triple-course-339420",
            "rrdatas": [
              "10 mail.loannetworksupport.com."
            ],
            "ttl": 300,
            "type": "MX"
          },
          "sensitive_attributes": [],
          "private": "bnVsbA==",
          "dependencies": [
            "module.records.google_dns_managed_zone.hosted_zones"
          ]
        },
        {
          "index_key": "loanshepherds.com",
          "schema_version": 0,
          "attributes": {
            "id": "projects/triple-course-339420/managedZones/loanshepherds-com-dns-zone/rrsets/loanshepherds.com./MX",
            "managed_zone": "loanshepherds-com-dns-zone",
            "name": "loanshepherds.com.",
            "project": "triple-course-339420",
            "rrdatas": [
              "10 mail.loanshepherds.com."
            ],
            "ttl": 300,
            "type": "MX"
          },
          "sensitive_attributes": [],
          "private": "bnVsbA==",
          "dependencies": [
            "module.records.google_dns_managed_zone.hosted_zones"
          ]
        },
        {
          "index_key": "ourlendingoptions.com",
          "schema_version": 0,
          "attributes": {
            "id": "projects/triple-course-339420/managedZones/ourlendingoptions-com-dns-zone/rrsets/ourlendingoptions.com./MX",
            "managed_zone": "ourlendingoptions-com-dns-zone",
            "name": "ourlendingoptions.com.",
            "project": "triple-course-339420",
            "rrdatas": [
              "10 mail.ourlendingoptions.com."
            ],
            "ttl": 300,
            "type": "MX"
          },
          "sensitive_attributes": [],
          "private": "bnVsbA==",
          "dependencies": [
            "module.records.google_dns_managed_zone.hosted_zones"
          ]
        },
        {
          "index_key": "rentforownnow.com",
          "schema_version": 0,
          "attributes": {
            "id": "projects/triple-course-339420/managedZones/rentforownnow-com-dns-zone/rrsets/rentforownnow.com./MX",
            "managed_zone": "rentforownnow-com-dns-zone",
            "name": "rentforownnow.com.",
            "project": "triple-course-339420",
            "rrdatas": [
              "10 mail.rentforownnow.com."
            ],
            "ttl": 300,
            "type": "MX"
          },
          "sensitive_attributes": [],
          "private": "bnVsbA==",
          "dependencies": [
            "module.records.google_dns_managed_zone.hosted_zones"
          ]
        },
        {
          "index_key": "renttoownrising.com",
          "schema_version": 0,
          "attributes": {
            "id": "projects/triple-course-339420/managedZones/renttoownrising-com-dns-zone/rrsets/renttoownrising.com./MX",
            "managed_zone": "renttoownrising-com-dns-zone",
            "name": "renttoownrising.com.",
            "project": "triple-course-339420",
            "rrdatas": [
              "10 mail.renttoownrising.com."
            ],
            "ttl": 300,
            "type": "MX"
          },
          "sensitive_attributes": [],
          "private": "bnVsbA==",
          "dependencies": [
            "module.records.google_dns_managed_zone.hosted_zones"
          ]
        }
      ]
    },
    {
      "module": "module.records",
      "mode": "managed",
      "type": "google_dns_record_set",
      "name": "txt_mail_dns_record",
      "provider": "module.records.provider[\"registry.terraform.io/hashicorp/google\"]",
      "instances": [
        {
          "index_key": "fhamortgageinyourname.com",
          "schema_version": 0,
          "attributes": {
            "id": "projects/triple-course-339420/managedZones/fhamortgageinyourname-com-dns-zone/rrsets/fhamortgageinyourname.com./TXT",
            "managed_zone": "fhamortgageinyourname-com-dns-zone",
            "name": "fhamortgageinyourname.com.",
            "project": "triple-course-339420",
            "rrdatas": [
              "\"v=spf1\" \"mx\" \"~all\""
            ],
            "ttl": 300,
            "type": "TXT"
          },
          "sensitive_attributes": [],
          "private": "bnVsbA==",
          "dependencies": [
            "module.records.google_dns_managed_zone.hosted_zones"
          ]
        },
        {
          "index_key": "fhamortgageweb.com",
          "schema_version": 0,
          "attributes": {
            "id": "projects/triple-course-339420/managedZones/fhamortgageweb-com-dns-zone/rrsets/fhamortgageweb.com./TXT",
            "managed_zone": "fhamortgageweb-com-dns-zone",
            "name": "fhamortgageweb.com.",
            "project": "triple-course-339420",
            "rrdatas": [
              "\"v=spf1\" \"mx\" \"~all\""
            ],
            "ttl": 300,
            "type": "TXT"
          },
          "sensitive_attributes": [],
          "private": "bnVsbA==",
          "dependencies": [
            "module.records.google_dns_managed_zone.hosted_zones"
          ]
        },
        {
          "index_key": "loanassociations.com",
          "schema_version": 0,
          "attributes": {
            "id": "projects/triple-course-339420/managedZones/loanassociations-com-dns-zone/rrsets/loanassociations.com./TXT",
            "managed_zone": "loanassociations-com-dns-zone",
            "name": "loanassociations.com.",
            "project": "triple-course-339420",
            "rrdatas": [
              "\"v=spf1\" \"mx\" \"~all\""
            ],
            "ttl": 300,
            "type": "TXT"
          },
          "sensitive_attributes": [],
          "private": "bnVsbA==",
          "dependencies": [
            "module.records.google_dns_managed_zone.hosted_zones"
          ]
        },
        {
          "index_key": "loancentralamerica.com",
          "schema_version": 0,
          "attributes": {
            "id": "projects/triple-course-339420/managedZones/loancentralamerica-com-dns-zone/rrsets/loancentralamerica.com./TXT",
            "managed_zone": "loancentralamerica-com-dns-zone",
            "name": "loancentralamerica.com.",
            "project": "triple-course-339420",
            "rrdatas": [
              "\"v=spf1\" \"mx\" \"~all\""
            ],
            "ttl": 300,
            "type": "TXT"
          },
          "sensitive_attributes": [],
          "private": "bnVsbA==",
          "dependencies": [
            "module.records.google_dns_managed_zone.hosted_zones"
          ]
        },
        {
          "index_key": "loannetworksupport.com",
          "schema_version": 0,
          "attributes": {
            "id": "projects/triple-course-339420/managedZones/loannetworksupport-com-dns-zone/rrsets/loannetworksupport.com./TXT",
            "managed_zone": "loannetworksupport-com-dns-zone",
            "name": "loannetworksupport.com.",
            "project": "triple-course-339420",
            "rrdatas": [
              "\"v=spf1\" \"mx\" \"~all\""
            ],
            "ttl": 300,
            "type": "TXT"
          },
          "sensitive_attributes": [],
          "private": "bnVsbA==",
          "dependencies": [
            "module.records.google_dns_managed_zone.hosted_zones"
          ]
        },
        {
          "index_key": "loanshepherds.com",
          "schema_version": 0,
          "attributes": {
            "id": "projects/triple-course-339420/managedZones/loanshepherds-com-dns-zone/rrsets/loanshepherds.com./TXT",
            "managed_zone": "loanshepherds-com-dns-zone",
            "name": "loanshepherds.com.",
            "project": "triple-course-339420",
            "rrdatas": [
              "\"v=spf1\" \"mx\" \"~all\""
            ],
            "ttl": 300,
            "type": "TXT"
          },
          "sensitive_attributes": [],
          "private": "bnVsbA==",
          "dependencies": [
            "module.records.google_dns_managed_zone.hosted_zones"
          ]
        },
        {
          "index_key": "ourlendingoptions.com",
          "schema_version": 0,
          "attributes": {
            "id": "projects/triple-course-339420/managedZones/ourlendingoptions-com-dns-zone/rrsets/ourlendingoptions.com./TXT",
            "managed_zone": "ourlendingoptions-com-dns-zone",
            "name": "ourlendingoptions.com.",
            "project": "triple-course-339420",
            "rrdatas": [
              "\"v=spf1\" \"mx\" \"~all\""
            ],
            "ttl": 300,
            "type": "TXT"
          },
          "sensitive_attributes": [],
          "private": "bnVsbA==",
          "dependencies": [
            "module.records.google_dns_managed_zone.hosted_zones"
          ]
        },
        {
          "index_key": "rentforownnow.com",
          "schema_version": 0,
          "attributes": {
            "id": "projects/triple-course-339420/managedZones/rentforownnow-com-dns-zone/rrsets/rentforownnow.com./TXT",
            "managed_zone": "rentforownnow-com-dns-zone",
            "name": "rentforownnow.com.",
            "project": "triple-course-339420",
            "rrdatas": [
              "\"v=spf1\" \"mx\" \"~all\""
            ],
            "ttl": 300,
            "type": "TXT"
          },
          "sensitive_attributes": [],
          "private": "bnVsbA==",
          "dependencies": [
            "module.records.google_dns_managed_zone.hosted_zones"
          ]
        },
        {
          "index_key": "renttoownrising.com",
          "schema_version": 0,
          "attributes": {
            "id": "projects/triple-course-339420/managedZones/renttoownrising-com-dns-zone/rrsets/renttoownrising.com./TXT",
            "managed_zone": "renttoownrising-com-dns-zone",
            "name": "renttoownrising.com.",
            "project": "triple-course-339420",
            "rrdatas": [
              "\"v=spf1\" \"mx\" \"~all\""
            ],
            "ttl": 300,
            "type": "TXT"
          },
          "sensitive_attributes": [],
          "private": "bnVsbA==",
          "dependencies": [
            "module.records.google_dns_managed_zone.hosted_zones"
          ]
        }
      ]
    }
  ]
}
